
Microsoft Visual Studio Solution File, Format Version 12.00
# Visual Studio Version 16
VisualStudioVersion = 16.0.31515.178
MinimumVisualStudioVersion = 10.0.40219.1
Project("{FAE04EC0-301F-11D3-BF4B-00C04F79EFBC}") = "EncapsulationExercise", "EncapsulationExercise.csproj", "{348721D0-8CEA-4C49-84CD-B999392C1694}"
EndProject
Project("{FAE04EC0-301F-11D3-BF4B-00C04F79EFBC}") = "ClassBoxData", "..\ClassBoxData\ClassBoxData.csproj", "{DE5E1428-E8DD-488D-AA33-5F6B28B8FDEC}"
EndProject
Global
	GlobalSection(SolutionConfigurationPlatforms) = preSolution
		Debug|Any CPU = Debug|Any CPU
		Release|Any CPU = Release|Any CPU
	EndGlobalSection
	GlobalSection(ProjectConfigurationPlatforms) = postSolution
		{348721D0-8CEA-4C49-84CD-B999392C1694}.Debug|Any CPU.ActiveCfg = Debug|Any CPU
		{348721D0-8CEA-4C49-84CD-B999392C1694}.Debug|Any CPU.Build.0 = Debug|Any CPU
		{348721D0-8CEA-4C49-84CD-B999392C1694}.Release|Any CPU.ActiveCfg = Release|Any CPU
		{348721D0-8CEA-4C49-84CD-B999392C1694}.Release|Any CPU.Build.0 = Release|Any CPU
		{DE5E1428-E8DD-488D-AA33-5F6B28B8FDEC}.Debug|Any CPU.ActiveCfg = Debug|Any CPU
		{DE5E1428-E8DD-488D-AA33-5F6B28B8FDEC}.Debug|Any CPU.Build.0 = Debug|Any CPU
		{DE5E1428-E8DD-488D-AA33-5F6B28B8FDEC}.Release|Any CPU.ActiveCfg = Release|Any CPU
		{DE5E1428-E8DD-488D-AA33-5F6B28B8FDEC}.Release|Any CPU.Build.0 = Release|Any CPU
	EndGlobalSection
	GlobalSection(SolutionProperties) = preSolution
		HideSolutionNode = FALSE
	EndGlobalSection
	GlobalSection(ExtensibilityGlobals) = postSolution
		SolutionGuid = {954EA996-8A69-4D88-9EE5-9581CA2FA7A3}
	EndGlobalSection
EndGlobal
