
Microsoft Visual Studio Solution File, Format Version 12.00
# Visual Studio Version 16
VisualStudioVersion = 16.0.31515.178
MinimumVisualStudioVersion = 10.0.40219.1
Project("{9A19103F-16F7-4668-BE54-9A1E7A4F7556}") = "EncapsulationExercise", "EncapsulationExercise.csproj", "{348721D0-8CEA-4C49-84CD-B999392C1694}"
EndProject
Project("{9A19103F-16F7-4668-BE54-9A1E7A4F7556}") = "ClassBoxData", "..\ClassBoxData\ClassBoxData.csproj", "{DE5E1428-E8DD-488D-AA33-5F6B28B8FDEC}"
EndProject
Project("{9A19103F-16F7-4668-BE54-9A1E7A4F7556}") = "AnimalFarm", "..\AnimalFarm\AnimalFarm.csproj", "{9DDFCE8F-5469-411D-92E4-17164F75CA53}"
EndProject
Project("{9A19103F-16F7-4668-BE54-9A1E7A4F7556}") = "ShoppingSpree", "..\ShoppingSpree\ShoppingSpree.csproj", "{7FD1EA1D-62F1-4E88-A221-57FE6C71847C}"
EndProject
Project("{FAE04EC0-301F-11D3-BF4B-00C04F79EFBC}") = "PizzaCalories", "..\PizzaCalories\PizzaCalories.csproj", "{B22C4F2B-B561-4393-977E-B8B381B7B67C}"
EndProject
Global
	GlobalSection(SolutionConfigurationPlatforms) = preSolution
		Debug|Any CPU = Debug|Any CPU
		Release|Any CPU = Release|Any CPU
	EndGlobalSection
	GlobalSection(ProjectConfigurationPlatforms) = postSolution
		{348721D0-8CEA-4C49-84CD-B999392C1694}.Debug|Any CPU.ActiveCfg = Debug|Any CPU
		{348721D0-8CEA-4C49-84CD-B999392C1694}.Debug|Any CPU.Build.0 = Debug|Any CPU
		{348721D0-8CEA-4C49-84CD-B999392C1694}.Release|Any CPU.ActiveCfg = Release|Any CPU
		{348721D0-8CEA-4C49-84CD-B999392C1694}.Release|Any CPU.Build.0 = Release|Any CPU
		{DE5E1428-E8DD-488D-AA33-5F6B28B8FDEC}.Debug|Any CPU.ActiveCfg = Debug|Any CPU
		{DE5E1428-E8DD-488D-AA33-5F6B28B8FDEC}.Debug|Any CPU.Build.0 = Debug|Any CPU
		{DE5E1428-E8DD-488D-AA33-5F6B28B8FDEC}.Release|Any CPU.ActiveCfg = Release|Any CPU
		{DE5E1428-E8DD-488D-AA33-5F6B28B8FDEC}.Release|Any CPU.Build.0 = Release|Any CPU
		{9DDFCE8F-5469-411D-92E4-17164F75CA53}.Debug|Any CPU.ActiveCfg = Debug|Any CPU
		{9DDFCE8F-5469-411D-92E4-17164F75CA53}.Debug|Any CPU.Build.0 = Debug|Any CPU
		{9DDFCE8F-5469-411D-92E4-17164F75CA53}.Release|Any CPU.ActiveCfg = Release|Any CPU
		{9DDFCE8F-5469-411D-92E4-17164F75CA53}.Release|Any CPU.Build.0 = Release|Any CPU
		{7FD1EA1D-62F1-4E88-A221-57FE6C71847C}.Debug|Any CPU.ActiveCfg = Debug|Any CPU
		{7FD1EA1D-62F1-4E88-A221-57FE6C71847C}.Debug|Any CPU.Build.0 = Debug|Any CPU
		{7FD1EA1D-62F1-4E88-A221-57FE6C71847C}.Release|Any CPU.ActiveCfg = Release|Any CPU
		{7FD1EA1D-62F1-4E88-A221-57FE6C71847C}.Release|Any CPU.Build.0 = Release|Any CPU
		{B22C4F2B-B561-4393-977E-B8B381B7B67C}.Debug|Any CPU.ActiveCfg = Debug|Any CPU
		{B22C4F2B-B561-4393-977E-B8B381B7B67C}.Debug|Any CPU.Build.0 = Debug|Any CPU
		{B22C4F2B-B561-4393-977E-B8B381B7B67C}.Release|Any CPU.ActiveCfg = Release|Any CPU
		{B22C4F2B-B561-4393-977E-B8B381B7B67C}.Release|Any CPU.Build.0 = Release|Any CPU
	EndGlobalSection
	GlobalSection(SolutionProperties) = preSolution
		HideSolutionNode = FALSE
	EndGlobalSection
	GlobalSection(ExtensibilityGlobals) = postSolution
		SolutionGuid = {954EA996-8A69-4D88-9EE5-9581CA2FA7A3}
	EndGlobalSection
EndGlobal
