
Microsoft Visual Studio Solution File, Format Version 12.00
# Visual Studio Version 16
VisualStudioVersion = 16.0.31321.278
MinimumVisualStudioVersion = 10.0.40219.1
Project("{9A19103F-16F7-4668-BE54-9A1E7A4F7556}") = "DefiningClasses", "DefiningClasses\DefiningClasses.csproj", "{8BD28936-DB75-4600-B3CD-DB9AD3769EA2}"
EndProject
Project("{9A19103F-16F7-4668-BE54-9A1E7A4F7556}") = "Car", "Car\Car.csproj", "{0C9B072F-FFC9-4FEE-9E78-01923965D573}"
EndProject
Project("{9A19103F-16F7-4668-BE54-9A1E7A4F7556}") = "CarExtension", "CarExtension\CarExtension.csproj", "{FF082380-4F1F-45A0-AE85-19B1C6EC27D3}"
EndProject
Project("{9A19103F-16F7-4668-BE54-9A1E7A4F7556}") = "CarConstructors", "CarConstructors\CarConstructors.csproj", "{1D251979-703B-4B2D-B7E9-22326308271C}"
EndProject
Project("{9A19103F-16F7-4668-BE54-9A1E7A4F7556}") = "CarEngineAndTires", "CarEngineAndTires\CarEngineAndTires.csproj", "{A8B60652-28C1-41D1-B607-04FD9733FD21}"
EndProject
Project("{FAE04EC0-301F-11D3-BF4B-00C04F79EFBC}") = "SpecialCars", "SpecialCars\SpecialCars.csproj", "{F69EECF7-6D66-4D28-A197-E88C1CB95CE4}"
EndProject
Global
	GlobalSection(SolutionConfigurationPlatforms) = preSolution
		Debug|Any CPU = Debug|Any CPU
		Release|Any CPU = Release|Any CPU
	EndGlobalSection
	GlobalSection(ProjectConfigurationPlatforms) = postSolution
		{8BD28936-DB75-4600-B3CD-DB9AD3769EA2}.Debug|Any CPU.ActiveCfg = Debug|Any CPU
		{8BD28936-DB75-4600-B3CD-DB9AD3769EA2}.Debug|Any CPU.Build.0 = Debug|Any CPU
		{8BD28936-DB75-4600-B3CD-DB9AD3769EA2}.Release|Any CPU.ActiveCfg = Release|Any CPU
		{8BD28936-DB75-4600-B3CD-DB9AD3769EA2}.Release|Any CPU.Build.0 = Release|Any CPU
		{0C9B072F-FFC9-4FEE-9E78-01923965D573}.Debug|Any CPU.ActiveCfg = Debug|Any CPU
		{0C9B072F-FFC9-4FEE-9E78-01923965D573}.Debug|Any CPU.Build.0 = Debug|Any CPU
		{0C9B072F-FFC9-4FEE-9E78-01923965D573}.Release|Any CPU.ActiveCfg = Release|Any CPU
		{0C9B072F-FFC9-4FEE-9E78-01923965D573}.Release|Any CPU.Build.0 = Release|Any CPU
		{FF082380-4F1F-45A0-AE85-19B1C6EC27D3}.Debug|Any CPU.ActiveCfg = Debug|Any CPU
		{FF082380-4F1F-45A0-AE85-19B1C6EC27D3}.Debug|Any CPU.Build.0 = Debug|Any CPU
		{FF082380-4F1F-45A0-AE85-19B1C6EC27D3}.Release|Any CPU.ActiveCfg = Release|Any CPU
		{FF082380-4F1F-45A0-AE85-19B1C6EC27D3}.Release|Any CPU.Build.0 = Release|Any CPU
		{1D251979-703B-4B2D-B7E9-22326308271C}.Debug|Any CPU.ActiveCfg = Debug|Any CPU
		{1D251979-703B-4B2D-B7E9-22326308271C}.Debug|Any CPU.Build.0 = Debug|Any CPU
		{1D251979-703B-4B2D-B7E9-22326308271C}.Release|Any CPU.ActiveCfg = Release|Any CPU
		{1D251979-703B-4B2D-B7E9-22326308271C}.Release|Any CPU.Build.0 = Release|Any CPU
		{A8B60652-28C1-41D1-B607-04FD9733FD21}.Debug|Any CPU.ActiveCfg = Debug|Any CPU
		{A8B60652-28C1-41D1-B607-04FD9733FD21}.Debug|Any CPU.Build.0 = Debug|Any CPU
		{A8B60652-28C1-41D1-B607-04FD9733FD21}.Release|Any CPU.ActiveCfg = Release|Any CPU
		{A8B60652-28C1-41D1-B607-04FD9733FD21}.Release|Any CPU.Build.0 = Release|Any CPU
		{F69EECF7-6D66-4D28-A197-E88C1CB95CE4}.Debug|Any CPU.ActiveCfg = Debug|Any CPU
		{F69EECF7-6D66-4D28-A197-E88C1CB95CE4}.Debug|Any CPU.Build.0 = Debug|Any CPU
		{F69EECF7-6D66-4D28-A197-E88C1CB95CE4}.Release|Any CPU.ActiveCfg = Release|Any CPU
		{F69EECF7-6D66-4D28-A197-E88C1CB95CE4}.Release|Any CPU.Build.0 = Release|Any CPU
	EndGlobalSection
	GlobalSection(SolutionProperties) = preSolution
		HideSolutionNode = FALSE
	EndGlobalSection
	GlobalSection(ExtensibilityGlobals) = postSolution
		SolutionGuid = {4E49485C-6C20-4BC9-A915-63720801B208}
	EndGlobalSection
EndGlobal
