
Microsoft Visual Studio Solution File, Format Version 12.00
# Visual Studio Version 16
VisualStudioVersion = 16.0.31321.278
MinimumVisualStudioVersion = 10.0.40219.1
Project("{9A19103F-16F7-4668-BE54-9A1E7A4F7556}") = "Car", "Car\Car.csproj", "{0C9B072F-FFC9-4FEE-9E78-01923965D573}"
EndProject
Project("{9A19103F-16F7-4668-BE54-9A1E7A4F7556}") = "CarExtension", "CarExtension\CarExtension.csproj", "{FF082380-4F1F-45A0-AE85-19B1C6EC27D3}"
EndProject
Project("{9A19103F-16F7-4668-BE54-9A1E7A4F7556}") = "CarConstructors", "CarConstructors\CarConstructors.csproj", "{1D251979-703B-4B2D-B7E9-22326308271C}"
EndProject
Project("{9A19103F-16F7-4668-BE54-9A1E7A4F7556}") = "CarEngineAndTires", "CarEngineAndTires\CarEngineAndTires.csproj", "{A8B60652-28C1-41D1-B607-04FD9733FD21}"
EndProject
Project("{9A19103F-16F7-4668-BE54-9A1E7A4F7556}") = "SpecialCars", "SpecialCars\SpecialCars.csproj", "{F69EECF7-6D66-4D28-A197-E88C1CB95CE4}"
EndProject
Project("{9A19103F-16F7-4668-BE54-9A1E7A4F7556}") = "CreatingConstructors", "DefiningClasses\CreatingConstructors.csproj", "{D93CB246-F1BD-414D-91F2-31C2A5F1DDA5}"
EndProject
Project("{9A19103F-16F7-4668-BE54-9A1E7A4F7556}") = "OldestFamilyMember", "OldestFamilyMember\OldestFamilyMember.csproj", "{D273343B-8850-4E96-8AC1-4238EB76DE08}"
EndProject
Project("{9A19103F-16F7-4668-BE54-9A1E7A4F7556}") = "OpinionPoll", "OpinionPoll\OpinionPoll.csproj", "{3A30FEE0-A239-42A9-8775-7E651CBDE2BB}"
EndProject
Project("{FAE04EC0-301F-11D3-BF4B-00C04F79EFBC}") = "DateModifier", "DateModifier\DateModifier.csproj", "{DFE817AD-26B8-4875-A63C-377A6EE67B74}"
EndProject
Project("{FAE04EC0-301F-11D3-BF4B-00C04F79EFBC}") = "SpeedRacing", "SpeedRacing\SpeedRacing.csproj", "{C8F14787-9A7A-41A6-9BD9-97FD86F8DEC9}"
EndProject
Project("{FAE04EC0-301F-11D3-BF4B-00C04F79EFBC}") = "RawData", "RawData\RawData.csproj", "{B8AE93FC-7FFC-4FD4-AE1D-B4D6BB090722}"
EndProject
Project("{FAE04EC0-301F-11D3-BF4B-00C04F79EFBC}") = "CarSalesman", "CarSalesman\CarSalesman.csproj", "{A7908C3B-5EB9-480A-80AA-01B5EE546908}"
EndProject
Project("{FAE04EC0-301F-11D3-BF4B-00C04F79EFBC}") = "PokemonTrainer", "PokemonTrainer\PokemonTrainer.csproj", "{642210F5-36D8-4219-8E0F-48DD3992E2A7}"
EndProject
Global
	GlobalSection(SolutionConfigurationPlatforms) = preSolution
		Debug|Any CPU = Debug|Any CPU
		Release|Any CPU = Release|Any CPU
	EndGlobalSection
	GlobalSection(ProjectConfigurationPlatforms) = postSolution
		{0C9B072F-FFC9-4FEE-9E78-01923965D573}.Debug|Any CPU.ActiveCfg = Debug|Any CPU
		{0C9B072F-FFC9-4FEE-9E78-01923965D573}.Debug|Any CPU.Build.0 = Debug|Any CPU
		{0C9B072F-FFC9-4FEE-9E78-01923965D573}.Release|Any CPU.ActiveCfg = Release|Any CPU
		{0C9B072F-FFC9-4FEE-9E78-01923965D573}.Release|Any CPU.Build.0 = Release|Any CPU
		{FF082380-4F1F-45A0-AE85-19B1C6EC27D3}.Debug|Any CPU.ActiveCfg = Debug|Any CPU
		{FF082380-4F1F-45A0-AE85-19B1C6EC27D3}.Debug|Any CPU.Build.0 = Debug|Any CPU
		{FF082380-4F1F-45A0-AE85-19B1C6EC27D3}.Release|Any CPU.ActiveCfg = Release|Any CPU
		{FF082380-4F1F-45A0-AE85-19B1C6EC27D3}.Release|Any CPU.Build.0 = Release|Any CPU
		{1D251979-703B-4B2D-B7E9-22326308271C}.Debug|Any CPU.ActiveCfg = Debug|Any CPU
		{1D251979-703B-4B2D-B7E9-22326308271C}.Debug|Any CPU.Build.0 = Debug|Any CPU
		{1D251979-703B-4B2D-B7E9-22326308271C}.Release|Any CPU.ActiveCfg = Release|Any CPU
		{1D251979-703B-4B2D-B7E9-22326308271C}.Release|Any CPU.Build.0 = Release|Any CPU
		{A8B60652-28C1-41D1-B607-04FD9733FD21}.Debug|Any CPU.ActiveCfg = Debug|Any CPU
		{A8B60652-28C1-41D1-B607-04FD9733FD21}.Debug|Any CPU.Build.0 = Debug|Any CPU
		{A8B60652-28C1-41D1-B607-04FD9733FD21}.Release|Any CPU.ActiveCfg = Release|Any CPU
		{A8B60652-28C1-41D1-B607-04FD9733FD21}.Release|Any CPU.Build.0 = Release|Any CPU
		{F69EECF7-6D66-4D28-A197-E88C1CB95CE4}.Debug|Any CPU.ActiveCfg = Debug|Any CPU
		{F69EECF7-6D66-4D28-A197-E88C1CB95CE4}.Debug|Any CPU.Build.0 = Debug|Any CPU
		{F69EECF7-6D66-4D28-A197-E88C1CB95CE4}.Release|Any CPU.ActiveCfg = Release|Any CPU
		{F69EECF7-6D66-4D28-A197-E88C1CB95CE4}.Release|Any CPU.Build.0 = Release|Any CPU
		{D93CB246-F1BD-414D-91F2-31C2A5F1DDA5}.Debug|Any CPU.ActiveCfg = Debug|Any CPU
		{D93CB246-F1BD-414D-91F2-31C2A5F1DDA5}.Debug|Any CPU.Build.0 = Debug|Any CPU
		{D93CB246-F1BD-414D-91F2-31C2A5F1DDA5}.Release|Any CPU.ActiveCfg = Release|Any CPU
		{D93CB246-F1BD-414D-91F2-31C2A5F1DDA5}.Release|Any CPU.Build.0 = Release|Any CPU
		{D273343B-8850-4E96-8AC1-4238EB76DE08}.Debug|Any CPU.ActiveCfg = Debug|Any CPU
		{D273343B-8850-4E96-8AC1-4238EB76DE08}.Debug|Any CPU.Build.0 = Debug|Any CPU
		{D273343B-8850-4E96-8AC1-4238EB76DE08}.Release|Any CPU.ActiveCfg = Release|Any CPU
		{D273343B-8850-4E96-8AC1-4238EB76DE08}.Release|Any CPU.Build.0 = Release|Any CPU
		{3A30FEE0-A239-42A9-8775-7E651CBDE2BB}.Debug|Any CPU.ActiveCfg = Debug|Any CPU
		{3A30FEE0-A239-42A9-8775-7E651CBDE2BB}.Debug|Any CPU.Build.0 = Debug|Any CPU
		{3A30FEE0-A239-42A9-8775-7E651CBDE2BB}.Release|Any CPU.ActiveCfg = Release|Any CPU
		{3A30FEE0-A239-42A9-8775-7E651CBDE2BB}.Release|Any CPU.Build.0 = Release|Any CPU
		{DFE817AD-26B8-4875-A63C-377A6EE67B74}.Debug|Any CPU.ActiveCfg = Debug|Any CPU
		{DFE817AD-26B8-4875-A63C-377A6EE67B74}.Debug|Any CPU.Build.0 = Debug|Any CPU
		{DFE817AD-26B8-4875-A63C-377A6EE67B74}.Release|Any CPU.ActiveCfg = Release|Any CPU
		{DFE817AD-26B8-4875-A63C-377A6EE67B74}.Release|Any CPU.Build.0 = Release|Any CPU
		{C8F14787-9A7A-41A6-9BD9-97FD86F8DEC9}.Debug|Any CPU.ActiveCfg = Debug|Any CPU
		{C8F14787-9A7A-41A6-9BD9-97FD86F8DEC9}.Debug|Any CPU.Build.0 = Debug|Any CPU
		{C8F14787-9A7A-41A6-9BD9-97FD86F8DEC9}.Release|Any CPU.ActiveCfg = Release|Any CPU
		{C8F14787-9A7A-41A6-9BD9-97FD86F8DEC9}.Release|Any CPU.Build.0 = Release|Any CPU
		{B8AE93FC-7FFC-4FD4-AE1D-B4D6BB090722}.Debug|Any CPU.ActiveCfg = Debug|Any CPU
		{B8AE93FC-7FFC-4FD4-AE1D-B4D6BB090722}.Debug|Any CPU.Build.0 = Debug|Any CPU
		{B8AE93FC-7FFC-4FD4-AE1D-B4D6BB090722}.Release|Any CPU.ActiveCfg = Release|Any CPU
		{B8AE93FC-7FFC-4FD4-AE1D-B4D6BB090722}.Release|Any CPU.Build.0 = Release|Any CPU
		{A7908C3B-5EB9-480A-80AA-01B5EE546908}.Debug|Any CPU.ActiveCfg = Debug|Any CPU
		{A7908C3B-5EB9-480A-80AA-01B5EE546908}.Debug|Any CPU.Build.0 = Debug|Any CPU
		{A7908C3B-5EB9-480A-80AA-01B5EE546908}.Release|Any CPU.ActiveCfg = Release|Any CPU
		{A7908C3B-5EB9-480A-80AA-01B5EE546908}.Release|Any CPU.Build.0 = Release|Any CPU
		{642210F5-36D8-4219-8E0F-48DD3992E2A7}.Debug|Any CPU.ActiveCfg = Debug|Any CPU
		{642210F5-36D8-4219-8E0F-48DD3992E2A7}.Debug|Any CPU.Build.0 = Debug|Any CPU
		{642210F5-36D8-4219-8E0F-48DD3992E2A7}.Release|Any CPU.ActiveCfg = Release|Any CPU
		{642210F5-36D8-4219-8E0F-48DD3992E2A7}.Release|Any CPU.Build.0 = Release|Any CPU
	EndGlobalSection
	GlobalSection(SolutionProperties) = preSolution
		HideSolutionNode = FALSE
	EndGlobalSection
	GlobalSection(ExtensibilityGlobals) = postSolution
		SolutionGuid = {4E49485C-6C20-4BC9-A915-63720801B208}
	EndGlobalSection
EndGlobal
