
Microsoft Visual Studio Solution File, Format Version 12.00
# Visual Studio Version 16
VisualStudioVersion = 16.0.31019.35
MinimumVisualStudioVersion = 10.0.40219.1
Project("{9A19103F-16F7-4668-BE54-9A1E7A4F7556}") = "Company Roster", "Objects More Exercises\Company Roster.csproj", "{0FB14711-92C9-4440-998A-8977141478B6}"
EndProject
Project("{9A19103F-16F7-4668-BE54-9A1E7A4F7556}") = "Oldest Family Member", "Oldest Family Member\Oldest Family Member.csproj", "{514BEF29-481F-4877-8B9E-834A4E64AB26}"
EndProject
Project("{9A19103F-16F7-4668-BE54-9A1E7A4F7556}") = "SpeedRacing", "SpeedRacing\SpeedRacing.csproj", "{1DA5884B-5555-4C38-86F6-4B6BD4B7D8A0}"
EndProject
Project("{9A19103F-16F7-4668-BE54-9A1E7A4F7556}") = "RawData", "RawData\RawData.csproj", "{317D0B0B-FFA2-4F7E-A339-ED8A162DD4EA}"
EndProject
Project("{FAE04EC0-301F-11D3-BF4B-00C04F79EFBC}") = "Shopping Spree", "Shopping Spree\Shopping Spree.csproj", "{1C0996BE-F8FE-45F2-8403-ADF02132EAC6}"
EndProject
Global
	GlobalSection(SolutionConfigurationPlatforms) = preSolution
		Debug|Any CPU = Debug|Any CPU
		Release|Any CPU = Release|Any CPU
	EndGlobalSection
	GlobalSection(ProjectConfigurationPlatforms) = postSolution
		{0FB14711-92C9-4440-998A-8977141478B6}.Debug|Any CPU.ActiveCfg = Debug|Any CPU
		{0FB14711-92C9-4440-998A-8977141478B6}.Debug|Any CPU.Build.0 = Debug|Any CPU
		{0FB14711-92C9-4440-998A-8977141478B6}.Release|Any CPU.ActiveCfg = Release|Any CPU
		{0FB14711-92C9-4440-998A-8977141478B6}.Release|Any CPU.Build.0 = Release|Any CPU
		{514BEF29-481F-4877-8B9E-834A4E64AB26}.Debug|Any CPU.ActiveCfg = Debug|Any CPU
		{514BEF29-481F-4877-8B9E-834A4E64AB26}.Debug|Any CPU.Build.0 = Debug|Any CPU
		{514BEF29-481F-4877-8B9E-834A4E64AB26}.Release|Any CPU.ActiveCfg = Release|Any CPU
		{514BEF29-481F-4877-8B9E-834A4E64AB26}.Release|Any CPU.Build.0 = Release|Any CPU
		{1DA5884B-5555-4C38-86F6-4B6BD4B7D8A0}.Debug|Any CPU.ActiveCfg = Debug|Any CPU
		{1DA5884B-5555-4C38-86F6-4B6BD4B7D8A0}.Debug|Any CPU.Build.0 = Debug|Any CPU
		{1DA5884B-5555-4C38-86F6-4B6BD4B7D8A0}.Release|Any CPU.ActiveCfg = Release|Any CPU
		{1DA5884B-5555-4C38-86F6-4B6BD4B7D8A0}.Release|Any CPU.Build.0 = Release|Any CPU
		{317D0B0B-FFA2-4F7E-A339-ED8A162DD4EA}.Debug|Any CPU.ActiveCfg = Debug|Any CPU
		{317D0B0B-FFA2-4F7E-A339-ED8A162DD4EA}.Debug|Any CPU.Build.0 = Debug|Any CPU
		{317D0B0B-FFA2-4F7E-A339-ED8A162DD4EA}.Release|Any CPU.ActiveCfg = Release|Any CPU
		{317D0B0B-FFA2-4F7E-A339-ED8A162DD4EA}.Release|Any CPU.Build.0 = Release|Any CPU
		{1C0996BE-F8FE-45F2-8403-ADF02132EAC6}.Debug|Any CPU.ActiveCfg = Debug|Any CPU
		{1C0996BE-F8FE-45F2-8403-ADF02132EAC6}.Debug|Any CPU.Build.0 = Debug|Any CPU
		{1C0996BE-F8FE-45F2-8403-ADF02132EAC6}.Release|Any CPU.ActiveCfg = Release|Any CPU
		{1C0996BE-F8FE-45F2-8403-ADF02132EAC6}.Release|Any CPU.Build.0 = Release|Any CPU
	EndGlobalSection
	GlobalSection(SolutionProperties) = preSolution
		HideSolutionNode = FALSE
	EndGlobalSection
	GlobalSection(ExtensibilityGlobals) = postSolution
		SolutionGuid = {A7C3BB9D-8B07-4A2D-83A4-408998445A2C}
	EndGlobalSection
EndGlobal
