
Microsoft Visual Studio Solution File, Format Version 12.00
# Visual Studio Version 16
VisualStudioVersion = 16.0.31321.278
MinimumVisualStudioVersion = 10.0.40219.1
Project("{9A19103F-16F7-4668-BE54-9A1E7A4F7556}") = "BoxOfT", "BoxOfT\BoxOfT.csproj", "{EF44D602-293D-4547-9A51-7AD90CF8EA6A}"
EndProject
Project("{9A19103F-16F7-4668-BE54-9A1E7A4F7556}") = "GenericArrayCreator", "ArrayCreator\GenericArrayCreator.csproj", "{1B63AFBE-BA1C-4F69-99FF-C97A446DC253}"
EndProject
Project("{9A19103F-16F7-4668-BE54-9A1E7A4F7556}") = "GenericScale", "GenericScale\GenericScale.csproj", "{07AE596A-3054-441B-9E25-0D4E226FA6F2}"
EndProject
Project("{9A19103F-16F7-4668-BE54-9A1E7A4F7556}") = "GenericBoxOfString", "GenericBoxOfString\GenericBoxOfString.csproj", "{1C03696D-8D46-436F-8E33-8F6E44615647}"
EndProject
Project("{9A19103F-16F7-4668-BE54-9A1E7A4F7556}") = "GenericBoxOfIntiger", "GenericBoxOfInteger\GenericBoxOfIntiger.csproj", "{519ECA07-74F7-4651-81EE-2E1D11F32099}"
EndProject
Project("{9A19103F-16F7-4668-BE54-9A1E7A4F7556}") = "GenericSwapMethodStrings", "GenericSwapMethodStrings\GenericSwapMethodStrings.csproj", "{EF984DAF-B3B5-4584-A4B4-9C9B5D2EE079}"
EndProject
Project("{9A19103F-16F7-4668-BE54-9A1E7A4F7556}") = "GenericSwapMethodIntegers", "GenericSwapMethodIntegers\GenericSwapMethodIntegers.csproj", "{DB9085DE-E050-4417-A33B-E32EC0314E0D}"
EndProject
Project("{9A19103F-16F7-4668-BE54-9A1E7A4F7556}") = "GenericCountMethodStrings", "GenericCountMethodStrings\GenericCountMethodStrings.csproj", "{A25F2003-3D9C-490D-9A36-51D714A02735}"
EndProject
Project("{9A19103F-16F7-4668-BE54-9A1E7A4F7556}") = "GenericCountMethodDoubles", "GenericCountMethodDoubles\GenericCountMethodDoubles.csproj", "{FD7A0F9E-6DDB-477F-B40E-7A8CFC6BCEDD}"
EndProject
Project("{FAE04EC0-301F-11D3-BF4B-00C04F79EFBC}") = "Tuple", "Tuple\Tuple.csproj", "{9BB4A9B1-A457-48E2-8024-57CDF1320033}"
EndProject
Project("{FAE04EC0-301F-11D3-BF4B-00C04F79EFBC}") = "Threeuple", "Threeuple\Threeuple.csproj", "{95031CFF-E160-4E7A-A7C6-7E973C2CBC97}"
EndProject
Global
	GlobalSection(SolutionConfigurationPlatforms) = preSolution
		Debug|Any CPU = Debug|Any CPU
		Release|Any CPU = Release|Any CPU
	EndGlobalSection
	GlobalSection(ProjectConfigurationPlatforms) = postSolution
		{EF44D602-293D-4547-9A51-7AD90CF8EA6A}.Debug|Any CPU.ActiveCfg = Debug|Any CPU
		{EF44D602-293D-4547-9A51-7AD90CF8EA6A}.Debug|Any CPU.Build.0 = Debug|Any CPU
		{EF44D602-293D-4547-9A51-7AD90CF8EA6A}.Release|Any CPU.ActiveCfg = Release|Any CPU
		{EF44D602-293D-4547-9A51-7AD90CF8EA6A}.Release|Any CPU.Build.0 = Release|Any CPU
		{1B63AFBE-BA1C-4F69-99FF-C97A446DC253}.Debug|Any CPU.ActiveCfg = Debug|Any CPU
		{1B63AFBE-BA1C-4F69-99FF-C97A446DC253}.Debug|Any CPU.Build.0 = Debug|Any CPU
		{1B63AFBE-BA1C-4F69-99FF-C97A446DC253}.Release|Any CPU.ActiveCfg = Release|Any CPU
		{1B63AFBE-BA1C-4F69-99FF-C97A446DC253}.Release|Any CPU.Build.0 = Release|Any CPU
		{07AE596A-3054-441B-9E25-0D4E226FA6F2}.Debug|Any CPU.ActiveCfg = Debug|Any CPU
		{07AE596A-3054-441B-9E25-0D4E226FA6F2}.Debug|Any CPU.Build.0 = Debug|Any CPU
		{07AE596A-3054-441B-9E25-0D4E226FA6F2}.Release|Any CPU.ActiveCfg = Release|Any CPU
		{07AE596A-3054-441B-9E25-0D4E226FA6F2}.Release|Any CPU.Build.0 = Release|Any CPU
		{1C03696D-8D46-436F-8E33-8F6E44615647}.Debug|Any CPU.ActiveCfg = Debug|Any CPU
		{1C03696D-8D46-436F-8E33-8F6E44615647}.Debug|Any CPU.Build.0 = Debug|Any CPU
		{1C03696D-8D46-436F-8E33-8F6E44615647}.Release|Any CPU.ActiveCfg = Release|Any CPU
		{1C03696D-8D46-436F-8E33-8F6E44615647}.Release|Any CPU.Build.0 = Release|Any CPU
		{519ECA07-74F7-4651-81EE-2E1D11F32099}.Debug|Any CPU.ActiveCfg = Debug|Any CPU
		{519ECA07-74F7-4651-81EE-2E1D11F32099}.Debug|Any CPU.Build.0 = Debug|Any CPU
		{519ECA07-74F7-4651-81EE-2E1D11F32099}.Release|Any CPU.ActiveCfg = Release|Any CPU
		{519ECA07-74F7-4651-81EE-2E1D11F32099}.Release|Any CPU.Build.0 = Release|Any CPU
		{EF984DAF-B3B5-4584-A4B4-9C9B5D2EE079}.Debug|Any CPU.ActiveCfg = Debug|Any CPU
		{EF984DAF-B3B5-4584-A4B4-9C9B5D2EE079}.Debug|Any CPU.Build.0 = Debug|Any CPU
		{EF984DAF-B3B5-4584-A4B4-9C9B5D2EE079}.Release|Any CPU.ActiveCfg = Release|Any CPU
		{EF984DAF-B3B5-4584-A4B4-9C9B5D2EE079}.Release|Any CPU.Build.0 = Release|Any CPU
		{DB9085DE-E050-4417-A33B-E32EC0314E0D}.Debug|Any CPU.ActiveCfg = Debug|Any CPU
		{DB9085DE-E050-4417-A33B-E32EC0314E0D}.Debug|Any CPU.Build.0 = Debug|Any CPU
		{DB9085DE-E050-4417-A33B-E32EC0314E0D}.Release|Any CPU.ActiveCfg = Release|Any CPU
		{DB9085DE-E050-4417-A33B-E32EC0314E0D}.Release|Any CPU.Build.0 = Release|Any CPU
		{A25F2003-3D9C-490D-9A36-51D714A02735}.Debug|Any CPU.ActiveCfg = Debug|Any CPU
		{A25F2003-3D9C-490D-9A36-51D714A02735}.Debug|Any CPU.Build.0 = Debug|Any CPU
		{A25F2003-3D9C-490D-9A36-51D714A02735}.Release|Any CPU.ActiveCfg = Release|Any CPU
		{A25F2003-3D9C-490D-9A36-51D714A02735}.Release|Any CPU.Build.0 = Release|Any CPU
		{FD7A0F9E-6DDB-477F-B40E-7A8CFC6BCEDD}.Debug|Any CPU.ActiveCfg = Debug|Any CPU
		{FD7A0F9E-6DDB-477F-B40E-7A8CFC6BCEDD}.Debug|Any CPU.Build.0 = Debug|Any CPU
		{FD7A0F9E-6DDB-477F-B40E-7A8CFC6BCEDD}.Release|Any CPU.ActiveCfg = Release|Any CPU
		{FD7A0F9E-6DDB-477F-B40E-7A8CFC6BCEDD}.Release|Any CPU.Build.0 = Release|Any CPU
		{9BB4A9B1-A457-48E2-8024-57CDF1320033}.Debug|Any CPU.ActiveCfg = Debug|Any CPU
		{9BB4A9B1-A457-48E2-8024-57CDF1320033}.Debug|Any CPU.Build.0 = Debug|Any CPU
		{9BB4A9B1-A457-48E2-8024-57CDF1320033}.Release|Any CPU.ActiveCfg = Release|Any CPU
		{9BB4A9B1-A457-48E2-8024-57CDF1320033}.Release|Any CPU.Build.0 = Release|Any CPU
		{95031CFF-E160-4E7A-A7C6-7E973C2CBC97}.Debug|Any CPU.ActiveCfg = Debug|Any CPU
		{95031CFF-E160-4E7A-A7C6-7E973C2CBC97}.Debug|Any CPU.Build.0 = Debug|Any CPU
		{95031CFF-E160-4E7A-A7C6-7E973C2CBC97}.Release|Any CPU.ActiveCfg = Release|Any CPU
		{95031CFF-E160-4E7A-A7C6-7E973C2CBC97}.Release|Any CPU.Build.0 = Release|Any CPU
	EndGlobalSection
	GlobalSection(SolutionProperties) = preSolution
		HideSolutionNode = FALSE
	EndGlobalSection
	GlobalSection(ExtensibilityGlobals) = postSolution
		SolutionGuid = {6D6B7816-C882-496C-9601-9D499AC16912}
	EndGlobalSection
EndGlobal
