
Microsoft Visual Studio Solution File, Format Version 12.00
# Visual Studio Version 16
VisualStudioVersion = 16.0.31624.102
MinimumVisualStudioVersion = 10.0.40219.1
Project("{9A19103F-16F7-4668-BE54-9A1E7A4F7556}") = "PolymorphismExercises", "PolymorphismExercises.csproj", "{EF6E9F85-5D87-4AD3-B1F1-E88624DDFD94}"
EndProject
Project("{9A19103F-16F7-4668-BE54-9A1E7A4F7556}") = "Vehicles", "..\Vehicles\Vehicles.csproj", "{92A5FCEA-DD1D-49DA-8631-510B356D0CA5}"
EndProject
Project("{FAE04EC0-301F-11D3-BF4B-00C04F79EFBC}") = "VehiclesExtension", "..\VehiclesExtension\VehiclesExtension.csproj", "{91F4B640-AA02-4449-83E1-6BA0DE72D76A}"
EndProject
Global
	GlobalSection(SolutionConfigurationPlatforms) = preSolution
		Debug|Any CPU = Debug|Any CPU
		Release|Any CPU = Release|Any CPU
	EndGlobalSection
	GlobalSection(ProjectConfigurationPlatforms) = postSolution
		{EF6E9F85-5D87-4AD3-B1F1-E88624DDFD94}.Debug|Any CPU.ActiveCfg = Debug|Any CPU
		{EF6E9F85-5D87-4AD3-B1F1-E88624DDFD94}.Debug|Any CPU.Build.0 = Debug|Any CPU
		{EF6E9F85-5D87-4AD3-B1F1-E88624DDFD94}.Release|Any CPU.ActiveCfg = Release|Any CPU
		{EF6E9F85-5D87-4AD3-B1F1-E88624DDFD94}.Release|Any CPU.Build.0 = Release|Any CPU
		{92A5FCEA-DD1D-49DA-8631-510B356D0CA5}.Debug|Any CPU.ActiveCfg = Debug|Any CPU
		{92A5FCEA-DD1D-49DA-8631-510B356D0CA5}.Debug|Any CPU.Build.0 = Debug|Any CPU
		{92A5FCEA-DD1D-49DA-8631-510B356D0CA5}.Release|Any CPU.ActiveCfg = Release|Any CPU
		{92A5FCEA-DD1D-49DA-8631-510B356D0CA5}.Release|Any CPU.Build.0 = Release|Any CPU
		{91F4B640-AA02-4449-83E1-6BA0DE72D76A}.Debug|Any CPU.ActiveCfg = Debug|Any CPU
		{91F4B640-AA02-4449-83E1-6BA0DE72D76A}.Debug|Any CPU.Build.0 = Debug|Any CPU
		{91F4B640-AA02-4449-83E1-6BA0DE72D76A}.Release|Any CPU.ActiveCfg = Release|Any CPU
		{91F4B640-AA02-4449-83E1-6BA0DE72D76A}.Release|Any CPU.Build.0 = Release|Any CPU
	EndGlobalSection
	GlobalSection(SolutionProperties) = preSolution
		HideSolutionNode = FALSE
	EndGlobalSection
	GlobalSection(ExtensibilityGlobals) = postSolution
		SolutionGuid = {454195CB-7185-4A8E-AFAA-1D463EF2B30B}
	EndGlobalSection
EndGlobal
