
Microsoft Visual Studio Solution File, Format Version 12.00
# Visual Studio Version 16
VisualStudioVersion = 16.0.31321.278
MinimumVisualStudioVersion = 10.0.40219.1
Project("{9A19103F-16F7-4668-BE54-9A1E7A4F7556}") = "FunctionalProgramming", "FunctionalProgramming\FunctionalProgramming.csproj", "{36785D55-7EF6-4894-AA20-E29A0CF342C8}"
EndProject
Project("{9A19103F-16F7-4668-BE54-9A1E7A4F7556}") = "SortEvenNumbers", "SortEvenNumbers\SortEvenNumbers.csproj", "{4A6E99CA-F499-41C9-B8F8-64E78853E450}"
EndProject
Project("{9A19103F-16F7-4668-BE54-9A1E7A4F7556}") = "SumNumbers", "SumNumbers\SumNumbers.csproj", "{009FABF5-4F86-4FEF-8705-4C83FFFF1026}"
EndProject
Project("{9A19103F-16F7-4668-BE54-9A1E7A4F7556}") = "CountUppercaseWords", "CountUppercaseWords\CountUppercaseWords.csproj", "{D55093FF-3235-419A-8F57-A01E7463CB1E}"
EndProject
Project("{9A19103F-16F7-4668-BE54-9A1E7A4F7556}") = "AddVat", "AddVat\AddVat.csproj", "{82B9C208-3CB6-4576-A6AE-22E8CAA2E707}"
EndProject
Project("{9A19103F-16F7-4668-BE54-9A1E7A4F7556}") = "FilterByAge", "FilterByAge\FilterByAge.csproj", "{D6048221-0F61-4224-8022-EE3F87186915}"
EndProject
Project("{9A19103F-16F7-4668-BE54-9A1E7A4F7556}") = "ActionPoint", "ActionPoint\ActionPoint.csproj", "{E7A2097D-0543-4424-900D-6E85DC6BCD7F}"
EndProject
Project("{9A19103F-16F7-4668-BE54-9A1E7A4F7556}") = "KnightsOfHonor", "KnightsOfHonor\KnightsOfHonor.csproj", "{08E6B3C6-9E3A-4609-A2EE-263553E98854}"
EndProject
Project("{9A19103F-16F7-4668-BE54-9A1E7A4F7556}") = "CustomMinFunction", "CustomMinFunction\CustomMinFunction.csproj", "{335DE6F6-302E-4EB8-B2F2-CBEDA3B6AB27}"
EndProject
Project("{9A19103F-16F7-4668-BE54-9A1E7A4F7556}") = "EvansOrOdds", "EvansOrOdds\EvansOrOdds.csproj", "{41AD09F0-55DA-47DF-9E3F-5DF33439ED20}"
EndProject
Project("{9A19103F-16F7-4668-BE54-9A1E7A4F7556}") = "AppliedArithmetics", "AppliedArithmetics\AppliedArithmetics.csproj", "{8A2FF2DE-DB78-4C91-8868-12CE639BACE9}"
EndProject
Project("{9A19103F-16F7-4668-BE54-9A1E7A4F7556}") = "ReverseAndExclude", "ReverseAndExclude\ReverseAndExclude.csproj", "{CDCDA467-4D05-456B-8C37-8FF4816A5ABF}"
EndProject
Project("{9A19103F-16F7-4668-BE54-9A1E7A4F7556}") = "PredicateForNames", "PredicateForNames\PredicateForNames.csproj", "{5EADDD7A-8945-4BF2-8C94-F446CFE97965}"
EndProject
Project("{9A19103F-16F7-4668-BE54-9A1E7A4F7556}") = "CustomComparator", "CustomComparator\CustomComparator.csproj", "{A10C0991-D3C9-447B-9A1B-EE9137ACD84D}"
EndProject
Project("{9A19103F-16F7-4668-BE54-9A1E7A4F7556}") = "ListOfPredicates", "ListOfPredicates\ListOfPredicates.csproj", "{15ED1FFE-93E8-48D3-AD76-AFCA779B8128}"
EndProject
Project("{9A19103F-16F7-4668-BE54-9A1E7A4F7556}") = "PredicateParty!", "PredicateParty!\PredicateParty!.csproj", "{E4B5AD4F-4229-4CAD-8708-4314FF80D1DC}"
EndProject
Project("{FAE04EC0-301F-11D3-BF4B-00C04F79EFBC}") = "PartyReservationFilterModule", "PartyReservationFilterModule\PartyReservationFilterModule.csproj", "{80E6E609-E65E-47F3-A5AD-1419CF765AEA}"
EndProject
Global
	GlobalSection(SolutionConfigurationPlatforms) = preSolution
		Debug|Any CPU = Debug|Any CPU
		Release|Any CPU = Release|Any CPU
	EndGlobalSection
	GlobalSection(ProjectConfigurationPlatforms) = postSolution
		{36785D55-7EF6-4894-AA20-E29A0CF342C8}.Debug|Any CPU.ActiveCfg = Debug|Any CPU
		{36785D55-7EF6-4894-AA20-E29A0CF342C8}.Debug|Any CPU.Build.0 = Debug|Any CPU
		{36785D55-7EF6-4894-AA20-E29A0CF342C8}.Release|Any CPU.ActiveCfg = Release|Any CPU
		{36785D55-7EF6-4894-AA20-E29A0CF342C8}.Release|Any CPU.Build.0 = Release|Any CPU
		{4A6E99CA-F499-41C9-B8F8-64E78853E450}.Debug|Any CPU.ActiveCfg = Debug|Any CPU
		{4A6E99CA-F499-41C9-B8F8-64E78853E450}.Debug|Any CPU.Build.0 = Debug|Any CPU
		{4A6E99CA-F499-41C9-B8F8-64E78853E450}.Release|Any CPU.ActiveCfg = Release|Any CPU
		{4A6E99CA-F499-41C9-B8F8-64E78853E450}.Release|Any CPU.Build.0 = Release|Any CPU
		{009FABF5-4F86-4FEF-8705-4C83FFFF1026}.Debug|Any CPU.ActiveCfg = Debug|Any CPU
		{009FABF5-4F86-4FEF-8705-4C83FFFF1026}.Debug|Any CPU.Build.0 = Debug|Any CPU
		{009FABF5-4F86-4FEF-8705-4C83FFFF1026}.Release|Any CPU.ActiveCfg = Release|Any CPU
		{009FABF5-4F86-4FEF-8705-4C83FFFF1026}.Release|Any CPU.Build.0 = Release|Any CPU
		{D55093FF-3235-419A-8F57-A01E7463CB1E}.Debug|Any CPU.ActiveCfg = Debug|Any CPU
		{D55093FF-3235-419A-8F57-A01E7463CB1E}.Debug|Any CPU.Build.0 = Debug|Any CPU
		{D55093FF-3235-419A-8F57-A01E7463CB1E}.Release|Any CPU.ActiveCfg = Release|Any CPU
		{D55093FF-3235-419A-8F57-A01E7463CB1E}.Release|Any CPU.Build.0 = Release|Any CPU
		{82B9C208-3CB6-4576-A6AE-22E8CAA2E707}.Debug|Any CPU.ActiveCfg = Debug|Any CPU
		{82B9C208-3CB6-4576-A6AE-22E8CAA2E707}.Debug|Any CPU.Build.0 = Debug|Any CPU
		{82B9C208-3CB6-4576-A6AE-22E8CAA2E707}.Release|Any CPU.ActiveCfg = Release|Any CPU
		{82B9C208-3CB6-4576-A6AE-22E8CAA2E707}.Release|Any CPU.Build.0 = Release|Any CPU
		{D6048221-0F61-4224-8022-EE3F87186915}.Debug|Any CPU.ActiveCfg = Debug|Any CPU
		{D6048221-0F61-4224-8022-EE3F87186915}.Debug|Any CPU.Build.0 = Debug|Any CPU
		{D6048221-0F61-4224-8022-EE3F87186915}.Release|Any CPU.ActiveCfg = Release|Any CPU
		{D6048221-0F61-4224-8022-EE3F87186915}.Release|Any CPU.Build.0 = Release|Any CPU
		{E7A2097D-0543-4424-900D-6E85DC6BCD7F}.Debug|Any CPU.ActiveCfg = Debug|Any CPU
		{E7A2097D-0543-4424-900D-6E85DC6BCD7F}.Debug|Any CPU.Build.0 = Debug|Any CPU
		{E7A2097D-0543-4424-900D-6E85DC6BCD7F}.Release|Any CPU.ActiveCfg = Release|Any CPU
		{E7A2097D-0543-4424-900D-6E85DC6BCD7F}.Release|Any CPU.Build.0 = Release|Any CPU
		{08E6B3C6-9E3A-4609-A2EE-263553E98854}.Debug|Any CPU.ActiveCfg = Debug|Any CPU
		{08E6B3C6-9E3A-4609-A2EE-263553E98854}.Debug|Any CPU.Build.0 = Debug|Any CPU
		{08E6B3C6-9E3A-4609-A2EE-263553E98854}.Release|Any CPU.ActiveCfg = Release|Any CPU
		{08E6B3C6-9E3A-4609-A2EE-263553E98854}.Release|Any CPU.Build.0 = Release|Any CPU
		{335DE6F6-302E-4EB8-B2F2-CBEDA3B6AB27}.Debug|Any CPU.ActiveCfg = Debug|Any CPU
		{335DE6F6-302E-4EB8-B2F2-CBEDA3B6AB27}.Debug|Any CPU.Build.0 = Debug|Any CPU
		{335DE6F6-302E-4EB8-B2F2-CBEDA3B6AB27}.Release|Any CPU.ActiveCfg = Release|Any CPU
		{335DE6F6-302E-4EB8-B2F2-CBEDA3B6AB27}.Release|Any CPU.Build.0 = Release|Any CPU
		{41AD09F0-55DA-47DF-9E3F-5DF33439ED20}.Debug|Any CPU.ActiveCfg = Debug|Any CPU
		{41AD09F0-55DA-47DF-9E3F-5DF33439ED20}.Debug|Any CPU.Build.0 = Debug|Any CPU
		{41AD09F0-55DA-47DF-9E3F-5DF33439ED20}.Release|Any CPU.ActiveCfg = Release|Any CPU
		{41AD09F0-55DA-47DF-9E3F-5DF33439ED20}.Release|Any CPU.Build.0 = Release|Any CPU
		{8A2FF2DE-DB78-4C91-8868-12CE639BACE9}.Debug|Any CPU.ActiveCfg = Debug|Any CPU
		{8A2FF2DE-DB78-4C91-8868-12CE639BACE9}.Debug|Any CPU.Build.0 = Debug|Any CPU
		{8A2FF2DE-DB78-4C91-8868-12CE639BACE9}.Release|Any CPU.ActiveCfg = Release|Any CPU
		{8A2FF2DE-DB78-4C91-8868-12CE639BACE9}.Release|Any CPU.Build.0 = Release|Any CPU
		{CDCDA467-4D05-456B-8C37-8FF4816A5ABF}.Debug|Any CPU.ActiveCfg = Debug|Any CPU
		{CDCDA467-4D05-456B-8C37-8FF4816A5ABF}.Debug|Any CPU.Build.0 = Debug|Any CPU
		{CDCDA467-4D05-456B-8C37-8FF4816A5ABF}.Release|Any CPU.ActiveCfg = Release|Any CPU
		{CDCDA467-4D05-456B-8C37-8FF4816A5ABF}.Release|Any CPU.Build.0 = Release|Any CPU
		{5EADDD7A-8945-4BF2-8C94-F446CFE97965}.Debug|Any CPU.ActiveCfg = Debug|Any CPU
		{5EADDD7A-8945-4BF2-8C94-F446CFE97965}.Debug|Any CPU.Build.0 = Debug|Any CPU
		{5EADDD7A-8945-4BF2-8C94-F446CFE97965}.Release|Any CPU.ActiveCfg = Release|Any CPU
		{5EADDD7A-8945-4BF2-8C94-F446CFE97965}.Release|Any CPU.Build.0 = Release|Any CPU
		{A10C0991-D3C9-447B-9A1B-EE9137ACD84D}.Debug|Any CPU.ActiveCfg = Debug|Any CPU
		{A10C0991-D3C9-447B-9A1B-EE9137ACD84D}.Debug|Any CPU.Build.0 = Debug|Any CPU
		{A10C0991-D3C9-447B-9A1B-EE9137ACD84D}.Release|Any CPU.ActiveCfg = Release|Any CPU
		{A10C0991-D3C9-447B-9A1B-EE9137ACD84D}.Release|Any CPU.Build.0 = Release|Any CPU
		{15ED1FFE-93E8-48D3-AD76-AFCA779B8128}.Debug|Any CPU.ActiveCfg = Debug|Any CPU
		{15ED1FFE-93E8-48D3-AD76-AFCA779B8128}.Debug|Any CPU.Build.0 = Debug|Any CPU
		{15ED1FFE-93E8-48D3-AD76-AFCA779B8128}.Release|Any CPU.ActiveCfg = Release|Any CPU
		{15ED1FFE-93E8-48D3-AD76-AFCA779B8128}.Release|Any CPU.Build.0 = Release|Any CPU
		{E4B5AD4F-4229-4CAD-8708-4314FF80D1DC}.Debug|Any CPU.ActiveCfg = Debug|Any CPU
		{E4B5AD4F-4229-4CAD-8708-4314FF80D1DC}.Debug|Any CPU.Build.0 = Debug|Any CPU
		{E4B5AD4F-4229-4CAD-8708-4314FF80D1DC}.Release|Any CPU.ActiveCfg = Release|Any CPU
		{E4B5AD4F-4229-4CAD-8708-4314FF80D1DC}.Release|Any CPU.Build.0 = Release|Any CPU
		{80E6E609-E65E-47F3-A5AD-1419CF765AEA}.Debug|Any CPU.ActiveCfg = Debug|Any CPU
		{80E6E609-E65E-47F3-A5AD-1419CF765AEA}.Debug|Any CPU.Build.0 = Debug|Any CPU
		{80E6E609-E65E-47F3-A5AD-1419CF765AEA}.Release|Any CPU.ActiveCfg = Release|Any CPU
		{80E6E609-E65E-47F3-A5AD-1419CF765AEA}.Release|Any CPU.Build.0 = Release|Any CPU
	EndGlobalSection
	GlobalSection(SolutionProperties) = preSolution
		HideSolutionNode = FALSE
	EndGlobalSection
	GlobalSection(ExtensibilityGlobals) = postSolution
		SolutionGuid = {6A4C6E3B-61EC-4D31-A361-FA4B8A5AEE51}
	EndGlobalSection
EndGlobal
