
Microsoft Visual Studio Solution File, Format Version 12.00
# Visual Studio Version 16
VisualStudioVersion = 16.0.31005.135
MinimumVisualStudioVersion = 10.0.40219.1
Project("{9A19103F-16F7-4668-BE54-9A1E7A4F7556}") = "Sign of Integer Numbers", "Methods\Sign of Integer Numbers.csproj", "{30F005F9-E0CC-4580-9DFA-ADE6D4ED98AF}"
EndProject
Project("{9A19103F-16F7-4668-BE54-9A1E7A4F7556}") = "Grades", "Grades\Grades.csproj", "{0A9E8037-B182-4780-BC44-745F08F152CA}"
EndProject
Project("{9A19103F-16F7-4668-BE54-9A1E7A4F7556}") = "Calculations", "Calculations\Calculations.csproj", "{F06EB5C7-7343-4911-BCC3-94B9E90C494B}"
EndProject
Project("{9A19103F-16F7-4668-BE54-9A1E7A4F7556}") = "Printing Triangle", "Printing Triangle\Printing Triangle.csproj", "{D1DB459E-AB3D-435C-8AD8-D55249A8981F}"
EndProject
Project("{9A19103F-16F7-4668-BE54-9A1E7A4F7556}") = "Orders", "Orders\Orders.csproj", "{6329B981-9667-47B0-83FF-41EA8C1F0FF2}"
EndProject
Project("{9A19103F-16F7-4668-BE54-9A1E7A4F7556}") = "Calculate Rectangle Area", "Calculate Rectangle Area\Calculate Rectangle Area.csproj", "{02DAA7F1-352A-49C7-AF69-D1A3C6561444}"
EndProject
Project("{9A19103F-16F7-4668-BE54-9A1E7A4F7556}") = "Repeat String", "Repeat String\Repeat String.csproj", "{2A801A32-F367-45D2-857B-030A5271F111}"
EndProject
Project("{9A19103F-16F7-4668-BE54-9A1E7A4F7556}") = "Math Power", "Math Power\Math Power.csproj", "{EB748164-B854-433E-BD90-1F4994767956}"
EndProject
Project("{FAE04EC0-301F-11D3-BF4B-00C04F79EFBC}") = "Multiply Evens by Odds", "Multiply Evens by Odds\Multiply Evens by Odds.csproj", "{2289DA85-E0DE-4082-B167-D556E443AED7}"
EndProject
Project("{FAE04EC0-301F-11D3-BF4B-00C04F79EFBC}") = "Greater of Two Values", "Greater of Two Values\Greater of Two Values.csproj", "{724CBF36-5071-48D7-A825-16955201CA75}"
EndProject
Global
	GlobalSection(SolutionConfigurationPlatforms) = preSolution
		Debug|Any CPU = Debug|Any CPU
		Release|Any CPU = Release|Any CPU
	EndGlobalSection
	GlobalSection(ProjectConfigurationPlatforms) = postSolution
		{30F005F9-E0CC-4580-9DFA-ADE6D4ED98AF}.Debug|Any CPU.ActiveCfg = Debug|Any CPU
		{30F005F9-E0CC-4580-9DFA-ADE6D4ED98AF}.Debug|Any CPU.Build.0 = Debug|Any CPU
		{30F005F9-E0CC-4580-9DFA-ADE6D4ED98AF}.Release|Any CPU.ActiveCfg = Release|Any CPU
		{30F005F9-E0CC-4580-9DFA-ADE6D4ED98AF}.Release|Any CPU.Build.0 = Release|Any CPU
		{0A9E8037-B182-4780-BC44-745F08F152CA}.Debug|Any CPU.ActiveCfg = Debug|Any CPU
		{0A9E8037-B182-4780-BC44-745F08F152CA}.Debug|Any CPU.Build.0 = Debug|Any CPU
		{0A9E8037-B182-4780-BC44-745F08F152CA}.Release|Any CPU.ActiveCfg = Release|Any CPU
		{0A9E8037-B182-4780-BC44-745F08F152CA}.Release|Any CPU.Build.0 = Release|Any CPU
		{F06EB5C7-7343-4911-BCC3-94B9E90C494B}.Debug|Any CPU.ActiveCfg = Debug|Any CPU
		{F06EB5C7-7343-4911-BCC3-94B9E90C494B}.Debug|Any CPU.Build.0 = Debug|Any CPU
		{F06EB5C7-7343-4911-BCC3-94B9E90C494B}.Release|Any CPU.ActiveCfg = Release|Any CPU
		{F06EB5C7-7343-4911-BCC3-94B9E90C494B}.Release|Any CPU.Build.0 = Release|Any CPU
		{D1DB459E-AB3D-435C-8AD8-D55249A8981F}.Debug|Any CPU.ActiveCfg = Debug|Any CPU
		{D1DB459E-AB3D-435C-8AD8-D55249A8981F}.Debug|Any CPU.Build.0 = Debug|Any CPU
		{D1DB459E-AB3D-435C-8AD8-D55249A8981F}.Release|Any CPU.ActiveCfg = Release|Any CPU
		{D1DB459E-AB3D-435C-8AD8-D55249A8981F}.Release|Any CPU.Build.0 = Release|Any CPU
		{6329B981-9667-47B0-83FF-41EA8C1F0FF2}.Debug|Any CPU.ActiveCfg = Debug|Any CPU
		{6329B981-9667-47B0-83FF-41EA8C1F0FF2}.Debug|Any CPU.Build.0 = Debug|Any CPU
		{6329B981-9667-47B0-83FF-41EA8C1F0FF2}.Release|Any CPU.ActiveCfg = Release|Any CPU
		{6329B981-9667-47B0-83FF-41EA8C1F0FF2}.Release|Any CPU.Build.0 = Release|Any CPU
		{02DAA7F1-352A-49C7-AF69-D1A3C6561444}.Debug|Any CPU.ActiveCfg = Debug|Any CPU
		{02DAA7F1-352A-49C7-AF69-D1A3C6561444}.Debug|Any CPU.Build.0 = Debug|Any CPU
		{02DAA7F1-352A-49C7-AF69-D1A3C6561444}.Release|Any CPU.ActiveCfg = Release|Any CPU
		{02DAA7F1-352A-49C7-AF69-D1A3C6561444}.Release|Any CPU.Build.0 = Release|Any CPU
		{2A801A32-F367-45D2-857B-030A5271F111}.Debug|Any CPU.ActiveCfg = Debug|Any CPU
		{2A801A32-F367-45D2-857B-030A5271F111}.Debug|Any CPU.Build.0 = Debug|Any CPU
		{2A801A32-F367-45D2-857B-030A5271F111}.Release|Any CPU.ActiveCfg = Release|Any CPU
		{2A801A32-F367-45D2-857B-030A5271F111}.Release|Any CPU.Build.0 = Release|Any CPU
		{EB748164-B854-433E-BD90-1F4994767956}.Debug|Any CPU.ActiveCfg = Debug|Any CPU
		{EB748164-B854-433E-BD90-1F4994767956}.Debug|Any CPU.Build.0 = Debug|Any CPU
		{EB748164-B854-433E-BD90-1F4994767956}.Release|Any CPU.ActiveCfg = Release|Any CPU
		{EB748164-B854-433E-BD90-1F4994767956}.Release|Any CPU.Build.0 = Release|Any CPU
		{2289DA85-E0DE-4082-B167-D556E443AED7}.Debug|Any CPU.ActiveCfg = Debug|Any CPU
		{2289DA85-E0DE-4082-B167-D556E443AED7}.Debug|Any CPU.Build.0 = Debug|Any CPU
		{2289DA85-E0DE-4082-B167-D556E443AED7}.Release|Any CPU.ActiveCfg = Release|Any CPU
		{2289DA85-E0DE-4082-B167-D556E443AED7}.Release|Any CPU.Build.0 = Release|Any CPU
		{724CBF36-5071-48D7-A825-16955201CA75}.Debug|Any CPU.ActiveCfg = Debug|Any CPU
		{724CBF36-5071-48D7-A825-16955201CA75}.Debug|Any CPU.Build.0 = Debug|Any CPU
		{724CBF36-5071-48D7-A825-16955201CA75}.Release|Any CPU.ActiveCfg = Release|Any CPU
		{724CBF36-5071-48D7-A825-16955201CA75}.Release|Any CPU.Build.0 = Release|Any CPU
	EndGlobalSection
	GlobalSection(SolutionProperties) = preSolution
		HideSolutionNode = FALSE
	EndGlobalSection
	GlobalSection(ExtensibilityGlobals) = postSolution
		SolutionGuid = {483C5211-7BFD-43D0-A254-D8931160BCEF}
	EndGlobalSection
EndGlobal
