
Microsoft Visual Studio Solution File, Format Version 12.00
# Visual Studio Version 16
VisualStudioVersion = 16.0.31515.178
MinimumVisualStudioVersion = 10.0.40219.1
Project("{9A19103F-16F7-4668-BE54-9A1E7A4F7556}") = "InterfacesAndAbstractionExercise", "InterfacesAndAbstractionExercise.csproj", "{45FB2BB4-F007-48F9-8EDC-166A408CB4E0}"
EndProject
Project("{9A19103F-16F7-4668-BE54-9A1E7A4F7556}") = "PersonInfo", "..\DefineAnInterfaceIPerson\PersonInfo.csproj", "{19B62251-E80E-4190-A6DC-E37B9382B9C1}"
EndProject
Project("{9A19103F-16F7-4668-BE54-9A1E7A4F7556}") = "Telephony", "..\Telephony\Telephony.csproj", "{9B210235-17AB-4240-9CEA-2A0A858510AD}"
EndProject
Project("{9A19103F-16F7-4668-BE54-9A1E7A4F7556}") = "BorderControl", "..\BorderControl\BorderControl.csproj", "{265D3121-EB14-4135-9583-07EC689C4D0D}"
EndProject
Project("{9A19103F-16F7-4668-BE54-9A1E7A4F7556}") = "BirthdayCelebrations", "..\BirthdayCelebrations\BirthdayCelebrations.csproj", "{54D4605F-0DF3-4E9A-95BE-D5F5A05473C5}"
EndProject
Project("{9A19103F-16F7-4668-BE54-9A1E7A4F7556}") = "FoodShortage", "..\FoodShortage\FoodShortage.csproj", "{06A29DB9-5178-4168-BDA4-E7630F04A31F}"
EndProject
Project("{9A19103F-16F7-4668-BE54-9A1E7A4F7556}") = "MilitaryElite", "..\MilitaryElite\MilitaryElite.csproj", "{678216F1-1B8D-4B3A-BE5A-F98D1F25C43E}"
EndProject
Project("{FAE04EC0-301F-11D3-BF4B-00C04F79EFBC}") = "CollectionHierarchy", "..\CollectionHierarchy\CollectionHierarchy.csproj", "{FC918D81-6620-4C54-9F18-9AAA603EB76F}"
EndProject
Project("{FAE04EC0-301F-11D3-BF4B-00C04F79EFBC}") = "ExplicitInterfaces", "..\ExplicitInterfaces\ExplicitInterfaces.csproj", "{65EF78C7-BD90-4155-A9D4-1EF329D39F86}"
EndProject
Global
	GlobalSection(SolutionConfigurationPlatforms) = preSolution
		Debug|Any CPU = Debug|Any CPU
		Release|Any CPU = Release|Any CPU
	EndGlobalSection
	GlobalSection(ProjectConfigurationPlatforms) = postSolution
		{45FB2BB4-F007-48F9-8EDC-166A408CB4E0}.Debug|Any CPU.ActiveCfg = Debug|Any CPU
		{45FB2BB4-F007-48F9-8EDC-166A408CB4E0}.Debug|Any CPU.Build.0 = Debug|Any CPU
		{45FB2BB4-F007-48F9-8EDC-166A408CB4E0}.Release|Any CPU.ActiveCfg = Release|Any CPU
		{45FB2BB4-F007-48F9-8EDC-166A408CB4E0}.Release|Any CPU.Build.0 = Release|Any CPU
		{19B62251-E80E-4190-A6DC-E37B9382B9C1}.Debug|Any CPU.ActiveCfg = Debug|Any CPU
		{19B62251-E80E-4190-A6DC-E37B9382B9C1}.Debug|Any CPU.Build.0 = Debug|Any CPU
		{19B62251-E80E-4190-A6DC-E37B9382B9C1}.Release|Any CPU.ActiveCfg = Release|Any CPU
		{19B62251-E80E-4190-A6DC-E37B9382B9C1}.Release|Any CPU.Build.0 = Release|Any CPU
		{9B210235-17AB-4240-9CEA-2A0A858510AD}.Debug|Any CPU.ActiveCfg = Debug|Any CPU
		{9B210235-17AB-4240-9CEA-2A0A858510AD}.Debug|Any CPU.Build.0 = Debug|Any CPU
		{9B210235-17AB-4240-9CEA-2A0A858510AD}.Release|Any CPU.ActiveCfg = Release|Any CPU
		{9B210235-17AB-4240-9CEA-2A0A858510AD}.Release|Any CPU.Build.0 = Release|Any CPU
		{265D3121-EB14-4135-9583-07EC689C4D0D}.Debug|Any CPU.ActiveCfg = Debug|Any CPU
		{265D3121-EB14-4135-9583-07EC689C4D0D}.Debug|Any CPU.Build.0 = Debug|Any CPU
		{265D3121-EB14-4135-9583-07EC689C4D0D}.Release|Any CPU.ActiveCfg = Release|Any CPU
		{265D3121-EB14-4135-9583-07EC689C4D0D}.Release|Any CPU.Build.0 = Release|Any CPU
		{54D4605F-0DF3-4E9A-95BE-D5F5A05473C5}.Debug|Any CPU.ActiveCfg = Debug|Any CPU
		{54D4605F-0DF3-4E9A-95BE-D5F5A05473C5}.Debug|Any CPU.Build.0 = Debug|Any CPU
		{54D4605F-0DF3-4E9A-95BE-D5F5A05473C5}.Release|Any CPU.ActiveCfg = Release|Any CPU
		{54D4605F-0DF3-4E9A-95BE-D5F5A05473C5}.Release|Any CPU.Build.0 = Release|Any CPU
		{06A29DB9-5178-4168-BDA4-E7630F04A31F}.Debug|Any CPU.ActiveCfg = Debug|Any CPU
		{06A29DB9-5178-4168-BDA4-E7630F04A31F}.Debug|Any CPU.Build.0 = Debug|Any CPU
		{06A29DB9-5178-4168-BDA4-E7630F04A31F}.Release|Any CPU.ActiveCfg = Release|Any CPU
		{06A29DB9-5178-4168-BDA4-E7630F04A31F}.Release|Any CPU.Build.0 = Release|Any CPU
		{678216F1-1B8D-4B3A-BE5A-F98D1F25C43E}.Debug|Any CPU.ActiveCfg = Debug|Any CPU
		{678216F1-1B8D-4B3A-BE5A-F98D1F25C43E}.Debug|Any CPU.Build.0 = Debug|Any CPU
		{678216F1-1B8D-4B3A-BE5A-F98D1F25C43E}.Release|Any CPU.ActiveCfg = Release|Any CPU
		{678216F1-1B8D-4B3A-BE5A-F98D1F25C43E}.Release|Any CPU.Build.0 = Release|Any CPU
		{FC918D81-6620-4C54-9F18-9AAA603EB76F}.Debug|Any CPU.ActiveCfg = Debug|Any CPU
		{FC918D81-6620-4C54-9F18-9AAA603EB76F}.Debug|Any CPU.Build.0 = Debug|Any CPU
		{FC918D81-6620-4C54-9F18-9AAA603EB76F}.Release|Any CPU.ActiveCfg = Release|Any CPU
		{FC918D81-6620-4C54-9F18-9AAA603EB76F}.Release|Any CPU.Build.0 = Release|Any CPU
		{65EF78C7-BD90-4155-A9D4-1EF329D39F86}.Debug|Any CPU.ActiveCfg = Debug|Any CPU
		{65EF78C7-BD90-4155-A9D4-1EF329D39F86}.Debug|Any CPU.Build.0 = Debug|Any CPU
		{65EF78C7-BD90-4155-A9D4-1EF329D39F86}.Release|Any CPU.ActiveCfg = Release|Any CPU
		{65EF78C7-BD90-4155-A9D4-1EF329D39F86}.Release|Any CPU.Build.0 = Release|Any CPU
	EndGlobalSection
	GlobalSection(SolutionProperties) = preSolution
		HideSolutionNode = FALSE
	EndGlobalSection
	GlobalSection(ExtensibilityGlobals) = postSolution
		SolutionGuid = {DE3F6747-22DF-4971-BBC5-EC1E169E6D53}
	EndGlobalSection
EndGlobal
