
Microsoft Visual Studio Solution File, Format Version 12.00
# Visual Studio Version 16
VisualStudioVersion = 16.0.31105.61
MinimumVisualStudioVersion = 10.0.40219.1
Project("{FAE04EC0-301F-11D3-BF4B-00C04F79EFBC}") = "FancyBarcodes", "FancyBarcodes\FancyBarcodes.csproj", "{C8346189-EF98-4F27-AF3A-E0D8F1893634}"
EndProject
Global
	GlobalSection(SolutionConfigurationPlatforms) = preSolution
		Debug|Any CPU = Debug|Any CPU
		Release|Any CPU = Release|Any CPU
	EndGlobalSection
	GlobalSection(ProjectConfigurationPlatforms) = postSolution
		{C8346189-EF98-4F27-AF3A-E0D8F1893634}.Debug|Any CPU.ActiveCfg = Debug|Any CPU
		{C8346189-EF98-4F27-AF3A-E0D8F1893634}.Debug|Any CPU.Build.0 = Debug|Any CPU
		{C8346189-EF98-4F27-AF3A-E0D8F1893634}.Release|Any CPU.ActiveCfg = Release|Any CPU
		{C8346189-EF98-4F27-AF3A-E0D8F1893634}.Release|Any CPU.Build.0 = Release|Any CPU
	EndGlobalSection
	GlobalSection(SolutionProperties) = preSolution
		HideSolutionNode = FALSE
	EndGlobalSection
	GlobalSection(ExtensibilityGlobals) = postSolution
		SolutionGuid = {91F340BD-AF16-4CE5-B5AD-CF01ADA2D05B}
	EndGlobalSection
EndGlobal
