
Microsoft Visual Studio Solution File, Format Version 12.00
# Visual Studio Version 16
VisualStudioVersion = 16.0.31624.102
MinimumVisualStudioVersion = 10.0.40219.1
Project("{9A19103F-16F7-4668-BE54-9A1E7A4F7556}") = "ReflectionAndAttributes", "ReflectionAndAttributes.csproj", "{6200B1A3-5781-43D6-BAAF-C25340208C7F}"
EndProject
Project("{9A19103F-16F7-4668-BE54-9A1E7A4F7556}") = "Stealer", "..\Stealer\Stealer.csproj", "{8477C0EC-F1CC-4E43-93AF-9AE85C715266}"
EndProject
Project("{FAE04EC0-301F-11D3-BF4B-00C04F79EFBC}") = "AuthorProblem", "..\AuthorProblem\AuthorProblem.csproj", "{18B55989-F959-47A3-A324-6C9EFF8E1489}"
EndProject
Global
	GlobalSection(SolutionConfigurationPlatforms) = preSolution
		Debug|Any CPU = Debug|Any CPU
		Release|Any CPU = Release|Any CPU
	EndGlobalSection
	GlobalSection(ProjectConfigurationPlatforms) = postSolution
		{6200B1A3-5781-43D6-BAAF-C25340208C7F}.Debug|Any CPU.ActiveCfg = Debug|Any CPU
		{6200B1A3-5781-43D6-BAAF-C25340208C7F}.Debug|Any CPU.Build.0 = Debug|Any CPU
		{6200B1A3-5781-43D6-BAAF-C25340208C7F}.Release|Any CPU.ActiveCfg = Release|Any CPU
		{6200B1A3-5781-43D6-BAAF-C25340208C7F}.Release|Any CPU.Build.0 = Release|Any CPU
		{8477C0EC-F1CC-4E43-93AF-9AE85C715266}.Debug|Any CPU.ActiveCfg = Debug|Any CPU
		{8477C0EC-F1CC-4E43-93AF-9AE85C715266}.Debug|Any CPU.Build.0 = Debug|Any CPU
		{8477C0EC-F1CC-4E43-93AF-9AE85C715266}.Release|Any CPU.ActiveCfg = Release|Any CPU
		{8477C0EC-F1CC-4E43-93AF-9AE85C715266}.Release|Any CPU.Build.0 = Release|Any CPU
		{18B55989-F959-47A3-A324-6C9EFF8E1489}.Debug|Any CPU.ActiveCfg = Debug|Any CPU
		{18B55989-F959-47A3-A324-6C9EFF8E1489}.Debug|Any CPU.Build.0 = Debug|Any CPU
		{18B55989-F959-47A3-A324-6C9EFF8E1489}.Release|Any CPU.ActiveCfg = Release|Any CPU
		{18B55989-F959-47A3-A324-6C9EFF8E1489}.Release|Any CPU.Build.0 = Release|Any CPU
	EndGlobalSection
	GlobalSection(SolutionProperties) = preSolution
		HideSolutionNode = FALSE
	EndGlobalSection
	GlobalSection(ExtensibilityGlobals) = postSolution
		SolutionGuid = {8B386C12-68F9-462D-ABEE-49A6CBC46C6D}
	EndGlobalSection
EndGlobal
