
Microsoft Visual Studio Solution File, Format Version 12.00
# Visual Studio Version 16
VisualStudioVersion = 16.0.31105.61
MinimumVisualStudioVersion = 10.0.40219.1
Project("{9A19103F-16F7-4668-BE54-9A1E7A4F7556}") = "Basic Stack Operations", "Basic Stack Operations.csproj", "{A5FD9B99-736B-46E0-B063-2267B72614E2}"
EndProject
Project("{9A19103F-16F7-4668-BE54-9A1E7A4F7556}") = "Basic Queue Operations", "..\Basic Queue Operations\Basic Queue Operations.csproj", "{4A30155A-8F08-4E8E-899A-B09FBAF1F45C}"
EndProject
Project("{9A19103F-16F7-4668-BE54-9A1E7A4F7556}") = "Maximum and Minimum Element", "..\Maximum and Minimum Element\Maximum and Minimum Element.csproj", "{9431CACB-603E-4BEF-9ADB-93078AEC5AB8}"
EndProject
Project("{9A19103F-16F7-4668-BE54-9A1E7A4F7556}") = "FastFood", "..\FastFood\FastFood.csproj", "{7910AF4C-05B0-4563-89AB-705E5162F906}"
EndProject
Project("{9A19103F-16F7-4668-BE54-9A1E7A4F7556}") = "Fashion Boutique", "..\Fashion Boutique\Fashion Boutique.csproj", "{0C5435C9-BF38-4E5E-93E0-5737E9FA1450}"
EndProject
Project("{9A19103F-16F7-4668-BE54-9A1E7A4F7556}") = "Songs Queue", "..\Songs Queue\Songs Queue.csproj", "{D3BE4BC5-C05E-4751-B2CC-E3AA4114E53B}"
EndProject
Project("{9A19103F-16F7-4668-BE54-9A1E7A4F7556}") = "Truck Tour", "..\Truck Tour\Truck Tour.csproj", "{CFD53875-1DFD-464B-AC2F-7F80E3A9EDF2}"
EndProject
Project("{9A19103F-16F7-4668-BE54-9A1E7A4F7556}") = "Balanced Parentheses", "..\Balanced Parentheses\Balanced Parentheses.csproj", "{D5D69BAE-1E82-444F-97B3-1BB15C487A66}"
EndProject
Project("{9A19103F-16F7-4668-BE54-9A1E7A4F7556}") = "Simple Text Editor", "..\Simple Text Editor\Simple Text Editor.csproj", "{83C0D8AB-E4A5-417F-860A-DA4B8767E473}"
EndProject
Project("{9A19103F-16F7-4668-BE54-9A1E7A4F7556}") = "Crossroads", "..\Crossroads\Crossroads.csproj", "{591D1A80-A7E7-483A-9B5B-228BB9B62965}"
EndProject
Project("{9A19103F-16F7-4668-BE54-9A1E7A4F7556}") = "KeyRevolver", "..\KeyRevolver\KeyRevolver.csproj", "{9A2532C0-8FF1-4D08-8FFA-A7C7806EA044}"
EndProject
Project("{9A19103F-16F7-4668-BE54-9A1E7A4F7556}") = "Cups and bottles", "..\Cups and bottles\Cups and bottles.csproj", "{66B740E7-CBBF-4551-8F76-DB813F312A4C}"
EndProject
Project("{9A19103F-16F7-4668-BE54-9A1E7A4F7556}") = "ReverseStrings", "..\ReverseStrings\ReverseStrings.csproj", "{3605A412-48DC-4A24-9ABF-A0059FFAB7B0}"
EndProject
Project("{FAE04EC0-301F-11D3-BF4B-00C04F79EFBC}") = "StackSum", "..\StackSum\StackSum.csproj", "{6D170389-C9F4-479F-907F-58BFD8EEC380}"
EndProject
Project("{FAE04EC0-301F-11D3-BF4B-00C04F79EFBC}") = "SimpleCalculator", "..\SimpleCalculator\SimpleCalculator.csproj", "{B2EB5D54-4EFF-4F6C-914D-B9A136A21992}"
EndProject
Project("{FAE04EC0-301F-11D3-BF4B-00C04F79EFBC}") = "MatchingBrackets", "..\MatchingBrackets\MatchingBrackets.csproj", "{5E85EFDC-0DD5-4B28-9596-714727F56939}"
EndProject
Project("{FAE04EC0-301F-11D3-BF4B-00C04F79EFBC}") = "PrintEvenNumbers", "..\PrintEvenNumbers\PrintEvenNumbers.csproj", "{6171D5D8-323D-41B8-940C-E7C9B6184CB4}"
EndProject
Project("{FAE04EC0-301F-11D3-BF4B-00C04F79EFBC}") = "Supermarket", "..\Supermarket\Supermarket.csproj", "{DDAC1EA3-99AA-4BE4-985E-1D3DC1123274}"
EndProject
Project("{FAE04EC0-301F-11D3-BF4B-00C04F79EFBC}") = "HotPatato", "..\HotPatato\HotPatato.csproj", "{590CE4C0-ECB3-4C6E-894B-545483520E7C}"
EndProject
Global
	GlobalSection(SolutionConfigurationPlatforms) = preSolution
		Debug|Any CPU = Debug|Any CPU
		Release|Any CPU = Release|Any CPU
	EndGlobalSection
	GlobalSection(ProjectConfigurationPlatforms) = postSolution
		{A5FD9B99-736B-46E0-B063-2267B72614E2}.Debug|Any CPU.ActiveCfg = Debug|Any CPU
		{A5FD9B99-736B-46E0-B063-2267B72614E2}.Debug|Any CPU.Build.0 = Debug|Any CPU
		{A5FD9B99-736B-46E0-B063-2267B72614E2}.Release|Any CPU.ActiveCfg = Release|Any CPU
		{A5FD9B99-736B-46E0-B063-2267B72614E2}.Release|Any CPU.Build.0 = Release|Any CPU
		{4A30155A-8F08-4E8E-899A-B09FBAF1F45C}.Debug|Any CPU.ActiveCfg = Debug|Any CPU
		{4A30155A-8F08-4E8E-899A-B09FBAF1F45C}.Debug|Any CPU.Build.0 = Debug|Any CPU
		{4A30155A-8F08-4E8E-899A-B09FBAF1F45C}.Release|Any CPU.ActiveCfg = Release|Any CPU
		{4A30155A-8F08-4E8E-899A-B09FBAF1F45C}.Release|Any CPU.Build.0 = Release|Any CPU
		{9431CACB-603E-4BEF-9ADB-93078AEC5AB8}.Debug|Any CPU.ActiveCfg = Debug|Any CPU
		{9431CACB-603E-4BEF-9ADB-93078AEC5AB8}.Debug|Any CPU.Build.0 = Debug|Any CPU
		{9431CACB-603E-4BEF-9ADB-93078AEC5AB8}.Release|Any CPU.ActiveCfg = Release|Any CPU
		{9431CACB-603E-4BEF-9ADB-93078AEC5AB8}.Release|Any CPU.Build.0 = Release|Any CPU
		{7910AF4C-05B0-4563-89AB-705E5162F906}.Debug|Any CPU.ActiveCfg = Debug|Any CPU
		{7910AF4C-05B0-4563-89AB-705E5162F906}.Debug|Any CPU.Build.0 = Debug|Any CPU
		{7910AF4C-05B0-4563-89AB-705E5162F906}.Release|Any CPU.ActiveCfg = Release|Any CPU
		{7910AF4C-05B0-4563-89AB-705E5162F906}.Release|Any CPU.Build.0 = Release|Any CPU
		{0C5435C9-BF38-4E5E-93E0-5737E9FA1450}.Debug|Any CPU.ActiveCfg = Debug|Any CPU
		{0C5435C9-BF38-4E5E-93E0-5737E9FA1450}.Debug|Any CPU.Build.0 = Debug|Any CPU
		{0C5435C9-BF38-4E5E-93E0-5737E9FA1450}.Release|Any CPU.ActiveCfg = Release|Any CPU
		{0C5435C9-BF38-4E5E-93E0-5737E9FA1450}.Release|Any CPU.Build.0 = Release|Any CPU
		{D3BE4BC5-C05E-4751-B2CC-E3AA4114E53B}.Debug|Any CPU.ActiveCfg = Debug|Any CPU
		{D3BE4BC5-C05E-4751-B2CC-E3AA4114E53B}.Debug|Any CPU.Build.0 = Debug|Any CPU
		{D3BE4BC5-C05E-4751-B2CC-E3AA4114E53B}.Release|Any CPU.ActiveCfg = Release|Any CPU
		{D3BE4BC5-C05E-4751-B2CC-E3AA4114E53B}.Release|Any CPU.Build.0 = Release|Any CPU
		{CFD53875-1DFD-464B-AC2F-7F80E3A9EDF2}.Debug|Any CPU.ActiveCfg = Debug|Any CPU
		{CFD53875-1DFD-464B-AC2F-7F80E3A9EDF2}.Debug|Any CPU.Build.0 = Debug|Any CPU
		{CFD53875-1DFD-464B-AC2F-7F80E3A9EDF2}.Release|Any CPU.ActiveCfg = Release|Any CPU
		{CFD53875-1DFD-464B-AC2F-7F80E3A9EDF2}.Release|Any CPU.Build.0 = Release|Any CPU
		{D5D69BAE-1E82-444F-97B3-1BB15C487A66}.Debug|Any CPU.ActiveCfg = Debug|Any CPU
		{D5D69BAE-1E82-444F-97B3-1BB15C487A66}.Debug|Any CPU.Build.0 = Debug|Any CPU
		{D5D69BAE-1E82-444F-97B3-1BB15C487A66}.Release|Any CPU.ActiveCfg = Release|Any CPU
		{D5D69BAE-1E82-444F-97B3-1BB15C487A66}.Release|Any CPU.Build.0 = Release|Any CPU
		{83C0D8AB-E4A5-417F-860A-DA4B8767E473}.Debug|Any CPU.ActiveCfg = Debug|Any CPU
		{83C0D8AB-E4A5-417F-860A-DA4B8767E473}.Debug|Any CPU.Build.0 = Debug|Any CPU
		{83C0D8AB-E4A5-417F-860A-DA4B8767E473}.Release|Any CPU.ActiveCfg = Release|Any CPU
		{83C0D8AB-E4A5-417F-860A-DA4B8767E473}.Release|Any CPU.Build.0 = Release|Any CPU
		{591D1A80-A7E7-483A-9B5B-228BB9B62965}.Debug|Any CPU.ActiveCfg = Debug|Any CPU
		{591D1A80-A7E7-483A-9B5B-228BB9B62965}.Debug|Any CPU.Build.0 = Debug|Any CPU
		{591D1A80-A7E7-483A-9B5B-228BB9B62965}.Release|Any CPU.ActiveCfg = Release|Any CPU
		{591D1A80-A7E7-483A-9B5B-228BB9B62965}.Release|Any CPU.Build.0 = Release|Any CPU
		{9A2532C0-8FF1-4D08-8FFA-A7C7806EA044}.Debug|Any CPU.ActiveCfg = Debug|Any CPU
		{9A2532C0-8FF1-4D08-8FFA-A7C7806EA044}.Debug|Any CPU.Build.0 = Debug|Any CPU
		{9A2532C0-8FF1-4D08-8FFA-A7C7806EA044}.Release|Any CPU.ActiveCfg = Release|Any CPU
		{9A2532C0-8FF1-4D08-8FFA-A7C7806EA044}.Release|Any CPU.Build.0 = Release|Any CPU
		{66B740E7-CBBF-4551-8F76-DB813F312A4C}.Debug|Any CPU.ActiveCfg = Debug|Any CPU
		{66B740E7-CBBF-4551-8F76-DB813F312A4C}.Debug|Any CPU.Build.0 = Debug|Any CPU
		{66B740E7-CBBF-4551-8F76-DB813F312A4C}.Release|Any CPU.ActiveCfg = Release|Any CPU
		{66B740E7-CBBF-4551-8F76-DB813F312A4C}.Release|Any CPU.Build.0 = Release|Any CPU
		{3605A412-48DC-4A24-9ABF-A0059FFAB7B0}.Debug|Any CPU.ActiveCfg = Debug|Any CPU
		{3605A412-48DC-4A24-9ABF-A0059FFAB7B0}.Debug|Any CPU.Build.0 = Debug|Any CPU
		{3605A412-48DC-4A24-9ABF-A0059FFAB7B0}.Release|Any CPU.ActiveCfg = Release|Any CPU
		{3605A412-48DC-4A24-9ABF-A0059FFAB7B0}.Release|Any CPU.Build.0 = Release|Any CPU
		{6D170389-C9F4-479F-907F-58BFD8EEC380}.Debug|Any CPU.ActiveCfg = Debug|Any CPU
		{6D170389-C9F4-479F-907F-58BFD8EEC380}.Debug|Any CPU.Build.0 = Debug|Any CPU
		{6D170389-C9F4-479F-907F-58BFD8EEC380}.Release|Any CPU.ActiveCfg = Release|Any CPU
		{6D170389-C9F4-479F-907F-58BFD8EEC380}.Release|Any CPU.Build.0 = Release|Any CPU
		{B2EB5D54-4EFF-4F6C-914D-B9A136A21992}.Debug|Any CPU.ActiveCfg = Debug|Any CPU
		{B2EB5D54-4EFF-4F6C-914D-B9A136A21992}.Debug|Any CPU.Build.0 = Debug|Any CPU
		{B2EB5D54-4EFF-4F6C-914D-B9A136A21992}.Release|Any CPU.ActiveCfg = Release|Any CPU
		{B2EB5D54-4EFF-4F6C-914D-B9A136A21992}.Release|Any CPU.Build.0 = Release|Any CPU
		{5E85EFDC-0DD5-4B28-9596-714727F56939}.Debug|Any CPU.ActiveCfg = Debug|Any CPU
		{5E85EFDC-0DD5-4B28-9596-714727F56939}.Debug|Any CPU.Build.0 = Debug|Any CPU
		{5E85EFDC-0DD5-4B28-9596-714727F56939}.Release|Any CPU.ActiveCfg = Release|Any CPU
		{5E85EFDC-0DD5-4B28-9596-714727F56939}.Release|Any CPU.Build.0 = Release|Any CPU
		{6171D5D8-323D-41B8-940C-E7C9B6184CB4}.Debug|Any CPU.ActiveCfg = Debug|Any CPU
		{6171D5D8-323D-41B8-940C-E7C9B6184CB4}.Debug|Any CPU.Build.0 = Debug|Any CPU
		{6171D5D8-323D-41B8-940C-E7C9B6184CB4}.Release|Any CPU.ActiveCfg = Release|Any CPU
		{6171D5D8-323D-41B8-940C-E7C9B6184CB4}.Release|Any CPU.Build.0 = Release|Any CPU
		{DDAC1EA3-99AA-4BE4-985E-1D3DC1123274}.Debug|Any CPU.ActiveCfg = Debug|Any CPU
		{DDAC1EA3-99AA-4BE4-985E-1D3DC1123274}.Debug|Any CPU.Build.0 = Debug|Any CPU
		{DDAC1EA3-99AA-4BE4-985E-1D3DC1123274}.Release|Any CPU.ActiveCfg = Release|Any CPU
		{DDAC1EA3-99AA-4BE4-985E-1D3DC1123274}.Release|Any CPU.Build.0 = Release|Any CPU
		{590CE4C0-ECB3-4C6E-894B-545483520E7C}.Debug|Any CPU.ActiveCfg = Debug|Any CPU
		{590CE4C0-ECB3-4C6E-894B-545483520E7C}.Debug|Any CPU.Build.0 = Debug|Any CPU
		{590CE4C0-ECB3-4C6E-894B-545483520E7C}.Release|Any CPU.ActiveCfg = Release|Any CPU
		{590CE4C0-ECB3-4C6E-894B-545483520E7C}.Release|Any CPU.Build.0 = Release|Any CPU
	EndGlobalSection
	GlobalSection(SolutionProperties) = preSolution
		HideSolutionNode = FALSE
	EndGlobalSection
	GlobalSection(ExtensibilityGlobals) = postSolution
		SolutionGuid = {CEC4EA6D-8BC6-4888-BCC3-CB6F61481D3A}
	EndGlobalSection
EndGlobal
