
Microsoft Visual Studio Solution File, Format Version 12.00
# Visual Studio Version 16
VisualStudioVersion = 16.0.31105.61
MinimumVisualStudioVersion = 10.0.40219.1
Project("{9A19103F-16F7-4668-BE54-9A1E7A4F7556}") = "Basic Stack Operations", "Basic Stack Operations.csproj", "{A5FD9B99-736B-46E0-B063-2267B72614E2}"
EndProject
Project("{FAE04EC0-301F-11D3-BF4B-00C04F79EFBC}") = "Basic Queue Operations", "..\Basic Queue Operations\Basic Queue Operations.csproj", "{4A30155A-8F08-4E8E-899A-B09FBAF1F45C}"
EndProject
Project("{FAE04EC0-301F-11D3-BF4B-00C04F79EFBC}") = "Maximum and Minimum Element", "..\Maximum and Minimum Element\Maximum and Minimum Element.csproj", "{9431CACB-603E-4BEF-9ADB-93078AEC5AB8}"
EndProject
Project("{FAE04EC0-301F-11D3-BF4B-00C04F79EFBC}") = "FastFood", "..\FastFood\FastFood.csproj", "{7910AF4C-05B0-4563-89AB-705E5162F906}"
EndProject
Project("{FAE04EC0-301F-11D3-BF4B-00C04F79EFBC}") = "Fashion Boutique", "..\Fashion Boutique\Fashion Boutique.csproj", "{0C5435C9-BF38-4E5E-93E0-5737E9FA1450}"
EndProject
Project("{FAE04EC0-301F-11D3-BF4B-00C04F79EFBC}") = "Songs Queue", "..\Songs Queue\Songs Queue.csproj", "{D3BE4BC5-C05E-4751-B2CC-E3AA4114E53B}"
EndProject
Global
	GlobalSection(SolutionConfigurationPlatforms) = preSolution
		Debug|Any CPU = Debug|Any CPU
		Release|Any CPU = Release|Any CPU
	EndGlobalSection
	GlobalSection(ProjectConfigurationPlatforms) = postSolution
		{A5FD9B99-736B-46E0-B063-2267B72614E2}.Debug|Any CPU.ActiveCfg = Debug|Any CPU
		{A5FD9B99-736B-46E0-B063-2267B72614E2}.Debug|Any CPU.Build.0 = Debug|Any CPU
		{A5FD9B99-736B-46E0-B063-2267B72614E2}.Release|Any CPU.ActiveCfg = Release|Any CPU
		{A5FD9B99-736B-46E0-B063-2267B72614E2}.Release|Any CPU.Build.0 = Release|Any CPU
		{4A30155A-8F08-4E8E-899A-B09FBAF1F45C}.Debug|Any CPU.ActiveCfg = Debug|Any CPU
		{4A30155A-8F08-4E8E-899A-B09FBAF1F45C}.Debug|Any CPU.Build.0 = Debug|Any CPU
		{4A30155A-8F08-4E8E-899A-B09FBAF1F45C}.Release|Any CPU.ActiveCfg = Release|Any CPU
		{4A30155A-8F08-4E8E-899A-B09FBAF1F45C}.Release|Any CPU.Build.0 = Release|Any CPU
		{9431CACB-603E-4BEF-9ADB-93078AEC5AB8}.Debug|Any CPU.ActiveCfg = Debug|Any CPU
		{9431CACB-603E-4BEF-9ADB-93078AEC5AB8}.Debug|Any CPU.Build.0 = Debug|Any CPU
		{9431CACB-603E-4BEF-9ADB-93078AEC5AB8}.Release|Any CPU.ActiveCfg = Release|Any CPU
		{9431CACB-603E-4BEF-9ADB-93078AEC5AB8}.Release|Any CPU.Build.0 = Release|Any CPU
		{7910AF4C-05B0-4563-89AB-705E5162F906}.Debug|Any CPU.ActiveCfg = Debug|Any CPU
		{7910AF4C-05B0-4563-89AB-705E5162F906}.Debug|Any CPU.Build.0 = Debug|Any CPU
		{7910AF4C-05B0-4563-89AB-705E5162F906}.Release|Any CPU.ActiveCfg = Release|Any CPU
		{7910AF4C-05B0-4563-89AB-705E5162F906}.Release|Any CPU.Build.0 = Release|Any CPU
		{0C5435C9-BF38-4E5E-93E0-5737E9FA1450}.Debug|Any CPU.ActiveCfg = Debug|Any CPU
		{0C5435C9-BF38-4E5E-93E0-5737E9FA1450}.Debug|Any CPU.Build.0 = Debug|Any CPU
		{0C5435C9-BF38-4E5E-93E0-5737E9FA1450}.Release|Any CPU.ActiveCfg = Release|Any CPU
		{0C5435C9-BF38-4E5E-93E0-5737E9FA1450}.Release|Any CPU.Build.0 = Release|Any CPU
		{D3BE4BC5-C05E-4751-B2CC-E3AA4114E53B}.Debug|Any CPU.ActiveCfg = Debug|Any CPU
		{D3BE4BC5-C05E-4751-B2CC-E3AA4114E53B}.Debug|Any CPU.Build.0 = Debug|Any CPU
		{D3BE4BC5-C05E-4751-B2CC-E3AA4114E53B}.Release|Any CPU.ActiveCfg = Release|Any CPU
		{D3BE4BC5-C05E-4751-B2CC-E3AA4114E53B}.Release|Any CPU.Build.0 = Release|Any CPU
	EndGlobalSection
	GlobalSection(SolutionProperties) = preSolution
		HideSolutionNode = FALSE
	EndGlobalSection
	GlobalSection(ExtensibilityGlobals) = postSolution
		SolutionGuid = {CEC4EA6D-8BC6-4888-BCC3-CB6F61481D3A}
	EndGlobalSection
EndGlobal
