
Microsoft Visual Studio Solution File, Format Version 12.00
# Visual Studio Version 16
VisualStudioVersion = 16.0.31105.61
MinimumVisualStudioVersion = 10.0.40219.1
Project("{FAE04EC0-301F-11D3-BF4B-00C04F79EFBC}") = "MatchFullName", "MatchFullName\MatchFullName.csproj", "{1985E756-DF9B-4222-B78A-697CD182F65E}"
EndProject
Project("{FAE04EC0-301F-11D3-BF4B-00C04F79EFBC}") = "MatchTelephoneNumber", "MatchTelephoneNumber\MatchTelephoneNumber.csproj", "{90DF6F2F-2A71-45FA-8119-4E61FE394EEE}"
EndProject
Global
	GlobalSection(SolutionConfigurationPlatforms) = preSolution
		Debug|Any CPU = Debug|Any CPU
		Release|Any CPU = Release|Any CPU
	EndGlobalSection
	GlobalSection(ProjectConfigurationPlatforms) = postSolution
		{1985E756-DF9B-4222-B78A-697CD182F65E}.Debug|Any CPU.ActiveCfg = Debug|Any CPU
		{1985E756-DF9B-4222-B78A-697CD182F65E}.Debug|Any CPU.Build.0 = Debug|Any CPU
		{1985E756-DF9B-4222-B78A-697CD182F65E}.Release|Any CPU.ActiveCfg = Release|Any CPU
		{1985E756-DF9B-4222-B78A-697CD182F65E}.Release|Any CPU.Build.0 = Release|Any CPU
		{90DF6F2F-2A71-45FA-8119-4E61FE394EEE}.Debug|Any CPU.ActiveCfg = Debug|Any CPU
		{90DF6F2F-2A71-45FA-8119-4E61FE394EEE}.Debug|Any CPU.Build.0 = Debug|Any CPU
		{90DF6F2F-2A71-45FA-8119-4E61FE394EEE}.Release|Any CPU.ActiveCfg = Release|Any CPU
		{90DF6F2F-2A71-45FA-8119-4E61FE394EEE}.Release|Any CPU.Build.0 = Release|Any CPU
	EndGlobalSection
	GlobalSection(SolutionProperties) = preSolution
		HideSolutionNode = FALSE
	EndGlobalSection
	GlobalSection(ExtensibilityGlobals) = postSolution
		SolutionGuid = {BFA5C792-910C-45AC-A8D5-5A116ECD05C2}
	EndGlobalSection
EndGlobal
