
Microsoft Visual Studio Solution File, Format Version 12.00
# Visual Studio Version 16
VisualStudioVersion = 16.0.31005.135
MinimumVisualStudioVersion = 10.0.40219.1
Project("{FAE04EC0-301F-11D3-BF4B-00C04F79EFBC}") = "Data Types", "More ExerciseMethods\Data Types.csproj", "{577A8900-1502-4BF9-AD21-FA30855A9D18}"
EndProject
Global
	GlobalSection(SolutionConfigurationPlatforms) = preSolution
		Debug|Any CPU = Debug|Any CPU
		Release|Any CPU = Release|Any CPU
	EndGlobalSection
	GlobalSection(ProjectConfigurationPlatforms) = postSolution
		{577A8900-1502-4BF9-AD21-FA30855A9D18}.Debug|Any CPU.ActiveCfg = Debug|Any CPU
		{577A8900-1502-4BF9-AD21-FA30855A9D18}.Debug|Any CPU.Build.0 = Debug|Any CPU
		{577A8900-1502-4BF9-AD21-FA30855A9D18}.Release|Any CPU.ActiveCfg = Release|Any CPU
		{577A8900-1502-4BF9-AD21-FA30855A9D18}.Release|Any CPU.Build.0 = Release|Any CPU
	EndGlobalSection
	GlobalSection(SolutionProperties) = preSolution
		HideSolutionNode = FALSE
	EndGlobalSection
	GlobalSection(ExtensibilityGlobals) = postSolution
		SolutionGuid = {42BDCB3C-6695-4A6B-A9D9-12F3439B076F}
	EndGlobalSection
EndGlobal
