
Microsoft Visual Studio Solution File, Format Version 12.00
# Visual Studio Version 16
VisualStudioVersion = 16.0.31105.61
MinimumVisualStudioVersion = 10.0.40219.1
Project("{FAE04EC0-301F-11D3-BF4B-00C04F79EFBC}") = "SumMatrixElements", "Multidimensional Arrays\SumMatrixElements.csproj", "{1AD7D2CD-4E5F-4717-BDDB-8EE7B1AF672F}"
EndProject
Project("{FAE04EC0-301F-11D3-BF4B-00C04F79EFBC}") = "SumMatrixColumns", "SumMatrixColumns\SumMatrixColumns.csproj", "{F9214D7D-43B0-453E-AA2F-103BC18E889C}"
EndProject
Global
	GlobalSection(SolutionConfigurationPlatforms) = preSolution
		Debug|Any CPU = Debug|Any CPU
		Release|Any CPU = Release|Any CPU
	EndGlobalSection
	GlobalSection(ProjectConfigurationPlatforms) = postSolution
		{1AD7D2CD-4E5F-4717-BDDB-8EE7B1AF672F}.Debug|Any CPU.ActiveCfg = Debug|Any CPU
		{1AD7D2CD-4E5F-4717-BDDB-8EE7B1AF672F}.Debug|Any CPU.Build.0 = Debug|Any CPU
		{1AD7D2CD-4E5F-4717-BDDB-8EE7B1AF672F}.Release|Any CPU.ActiveCfg = Release|Any CPU
		{1AD7D2CD-4E5F-4717-BDDB-8EE7B1AF672F}.Release|Any CPU.Build.0 = Release|Any CPU
		{F9214D7D-43B0-453E-AA2F-103BC18E889C}.Debug|Any CPU.ActiveCfg = Debug|Any CPU
		{F9214D7D-43B0-453E-AA2F-103BC18E889C}.Debug|Any CPU.Build.0 = Debug|Any CPU
		{F9214D7D-43B0-453E-AA2F-103BC18E889C}.Release|Any CPU.ActiveCfg = Release|Any CPU
		{F9214D7D-43B0-453E-AA2F-103BC18E889C}.Release|Any CPU.Build.0 = Release|Any CPU
	EndGlobalSection
	GlobalSection(SolutionProperties) = preSolution
		HideSolutionNode = FALSE
	EndGlobalSection
	GlobalSection(ExtensibilityGlobals) = postSolution
		SolutionGuid = {BCB79A80-3036-4653-B908-C1F716896156}
	EndGlobalSection
EndGlobal
