
Microsoft Visual Studio Solution File, Format Version 12.00
# Visual Studio Version 16
VisualStudioVersion = 16.0.31105.61
MinimumVisualStudioVersion = 10.0.40219.1
Project("{9A19103F-16F7-4668-BE54-9A1E7A4F7556}") = "SumMatrixElements", "Multidimensional Arrays\SumMatrixElements.csproj", "{1AD7D2CD-4E5F-4717-BDDB-8EE7B1AF672F}"
EndProject
Project("{9A19103F-16F7-4668-BE54-9A1E7A4F7556}") = "SumMatrixColumns", "SumMatrixColumns\SumMatrixColumns.csproj", "{F9214D7D-43B0-453E-AA2F-103BC18E889C}"
EndProject
Project("{9A19103F-16F7-4668-BE54-9A1E7A4F7556}") = "PrimaryDiagonal", "PrimaryDiagonal\PrimaryDiagonal.csproj", "{B7077639-9BD9-4FDF-B45F-DC25977A2D70}"
EndProject
Project("{9A19103F-16F7-4668-BE54-9A1E7A4F7556}") = "SymbolInMatrix", "SymbolInMatrix\SymbolInMatrix.csproj", "{7E30DF30-8330-4F6B-92C7-0C3CF82358C1}"
EndProject
Project("{9A19103F-16F7-4668-BE54-9A1E7A4F7556}") = "SquareWithMaximumSum", "SquareWithMaximumSum\SquareWithMaximumSum.csproj", "{2AF407F3-4212-4AB8-AE81-218321068124}"
EndProject
Project("{9A19103F-16F7-4668-BE54-9A1E7A4F7556}") = "Jagged-ArrayModification", "Jagged-ArrayModification\Jagged-ArrayModification.csproj", "{1A298B40-0023-46F5-A30F-EA617EC751DB}"
EndProject
Project("{9A19103F-16F7-4668-BE54-9A1E7A4F7556}") = "PascalTriangle", "PascalTriangle\PascalTriangle.csproj", "{D26F1781-82EA-44EC-AE33-A7D52D044178}"
EndProject
Project("{9A19103F-16F7-4668-BE54-9A1E7A4F7556}") = "DiagonalDifference", "DiagonalDifference\DiagonalDifference.csproj", "{CDF697FF-AAF5-46B4-928E-EBEF78704360}"
EndProject
Project("{9A19103F-16F7-4668-BE54-9A1E7A4F7556}") = "2X2SquaresInMatrix", "2X2SquaresInMatrix\2X2SquaresInMatrix.csproj", "{16AF5FE2-DB06-4B53-BDF4-D10E4C8BC6F6}"
EndProject
Project("{9A19103F-16F7-4668-BE54-9A1E7A4F7556}") = "MaximalSum", "MaximalSum\MaximalSum.csproj", "{347B88DD-54F3-41A9-A876-7D5609D7032C}"
EndProject
Project("{9A19103F-16F7-4668-BE54-9A1E7A4F7556}") = "MatrixShuffling", "MatrixShuffling\MatrixShuffling.csproj", "{76D7B2A0-0BEB-4345-ADCD-1125157E67D3}"
EndProject
Project("{9A19103F-16F7-4668-BE54-9A1E7A4F7556}") = "SnakeMoves", "SnakeMoves\SnakeMoves.csproj", "{67DD5586-A291-4B56-8A15-DB4594D8CD52}"
EndProject
Project("{FAE04EC0-301F-11D3-BF4B-00C04F79EFBC}") = "JaggedArrayManipulator", "JaggedArrayManipulator\JaggedArrayManipulator.csproj", "{10FE7D6F-39A6-4BDD-8497-0E07A5111FFD}"
EndProject
Global
	GlobalSection(SolutionConfigurationPlatforms) = preSolution
		Debug|Any CPU = Debug|Any CPU
		Release|Any CPU = Release|Any CPU
	EndGlobalSection
	GlobalSection(ProjectConfigurationPlatforms) = postSolution
		{1AD7D2CD-4E5F-4717-BDDB-8EE7B1AF672F}.Debug|Any CPU.ActiveCfg = Debug|Any CPU
		{1AD7D2CD-4E5F-4717-BDDB-8EE7B1AF672F}.Debug|Any CPU.Build.0 = Debug|Any CPU
		{1AD7D2CD-4E5F-4717-BDDB-8EE7B1AF672F}.Release|Any CPU.ActiveCfg = Release|Any CPU
		{1AD7D2CD-4E5F-4717-BDDB-8EE7B1AF672F}.Release|Any CPU.Build.0 = Release|Any CPU
		{F9214D7D-43B0-453E-AA2F-103BC18E889C}.Debug|Any CPU.ActiveCfg = Debug|Any CPU
		{F9214D7D-43B0-453E-AA2F-103BC18E889C}.Debug|Any CPU.Build.0 = Debug|Any CPU
		{F9214D7D-43B0-453E-AA2F-103BC18E889C}.Release|Any CPU.ActiveCfg = Release|Any CPU
		{F9214D7D-43B0-453E-AA2F-103BC18E889C}.Release|Any CPU.Build.0 = Release|Any CPU
		{B7077639-9BD9-4FDF-B45F-DC25977A2D70}.Debug|Any CPU.ActiveCfg = Debug|Any CPU
		{B7077639-9BD9-4FDF-B45F-DC25977A2D70}.Debug|Any CPU.Build.0 = Debug|Any CPU
		{B7077639-9BD9-4FDF-B45F-DC25977A2D70}.Release|Any CPU.ActiveCfg = Release|Any CPU
		{B7077639-9BD9-4FDF-B45F-DC25977A2D70}.Release|Any CPU.Build.0 = Release|Any CPU
		{7E30DF30-8330-4F6B-92C7-0C3CF82358C1}.Debug|Any CPU.ActiveCfg = Debug|Any CPU
		{7E30DF30-8330-4F6B-92C7-0C3CF82358C1}.Debug|Any CPU.Build.0 = Debug|Any CPU
		{7E30DF30-8330-4F6B-92C7-0C3CF82358C1}.Release|Any CPU.ActiveCfg = Release|Any CPU
		{7E30DF30-8330-4F6B-92C7-0C3CF82358C1}.Release|Any CPU.Build.0 = Release|Any CPU
		{2AF407F3-4212-4AB8-AE81-218321068124}.Debug|Any CPU.ActiveCfg = Debug|Any CPU
		{2AF407F3-4212-4AB8-AE81-218321068124}.Debug|Any CPU.Build.0 = Debug|Any CPU
		{2AF407F3-4212-4AB8-AE81-218321068124}.Release|Any CPU.ActiveCfg = Release|Any CPU
		{2AF407F3-4212-4AB8-AE81-218321068124}.Release|Any CPU.Build.0 = Release|Any CPU
		{1A298B40-0023-46F5-A30F-EA617EC751DB}.Debug|Any CPU.ActiveCfg = Debug|Any CPU
		{1A298B40-0023-46F5-A30F-EA617EC751DB}.Debug|Any CPU.Build.0 = Debug|Any CPU
		{1A298B40-0023-46F5-A30F-EA617EC751DB}.Release|Any CPU.ActiveCfg = Release|Any CPU
		{1A298B40-0023-46F5-A30F-EA617EC751DB}.Release|Any CPU.Build.0 = Release|Any CPU
		{D26F1781-82EA-44EC-AE33-A7D52D044178}.Debug|Any CPU.ActiveCfg = Debug|Any CPU
		{D26F1781-82EA-44EC-AE33-A7D52D044178}.Debug|Any CPU.Build.0 = Debug|Any CPU
		{D26F1781-82EA-44EC-AE33-A7D52D044178}.Release|Any CPU.ActiveCfg = Release|Any CPU
		{D26F1781-82EA-44EC-AE33-A7D52D044178}.Release|Any CPU.Build.0 = Release|Any CPU
		{CDF697FF-AAF5-46B4-928E-EBEF78704360}.Debug|Any CPU.ActiveCfg = Debug|Any CPU
		{CDF697FF-AAF5-46B4-928E-EBEF78704360}.Debug|Any CPU.Build.0 = Debug|Any CPU
		{CDF697FF-AAF5-46B4-928E-EBEF78704360}.Release|Any CPU.ActiveCfg = Release|Any CPU
		{CDF697FF-AAF5-46B4-928E-EBEF78704360}.Release|Any CPU.Build.0 = Release|Any CPU
		{16AF5FE2-DB06-4B53-BDF4-D10E4C8BC6F6}.Debug|Any CPU.ActiveCfg = Debug|Any CPU
		{16AF5FE2-DB06-4B53-BDF4-D10E4C8BC6F6}.Debug|Any CPU.Build.0 = Debug|Any CPU
		{16AF5FE2-DB06-4B53-BDF4-D10E4C8BC6F6}.Release|Any CPU.ActiveCfg = Release|Any CPU
		{16AF5FE2-DB06-4B53-BDF4-D10E4C8BC6F6}.Release|Any CPU.Build.0 = Release|Any CPU
		{347B88DD-54F3-41A9-A876-7D5609D7032C}.Debug|Any CPU.ActiveCfg = Debug|Any CPU
		{347B88DD-54F3-41A9-A876-7D5609D7032C}.Debug|Any CPU.Build.0 = Debug|Any CPU
		{347B88DD-54F3-41A9-A876-7D5609D7032C}.Release|Any CPU.ActiveCfg = Release|Any CPU
		{347B88DD-54F3-41A9-A876-7D5609D7032C}.Release|Any CPU.Build.0 = Release|Any CPU
		{76D7B2A0-0BEB-4345-ADCD-1125157E67D3}.Debug|Any CPU.ActiveCfg = Debug|Any CPU
		{76D7B2A0-0BEB-4345-ADCD-1125157E67D3}.Debug|Any CPU.Build.0 = Debug|Any CPU
		{76D7B2A0-0BEB-4345-ADCD-1125157E67D3}.Release|Any CPU.ActiveCfg = Release|Any CPU
		{76D7B2A0-0BEB-4345-ADCD-1125157E67D3}.Release|Any CPU.Build.0 = Release|Any CPU
		{67DD5586-A291-4B56-8A15-DB4594D8CD52}.Debug|Any CPU.ActiveCfg = Debug|Any CPU
		{67DD5586-A291-4B56-8A15-DB4594D8CD52}.Debug|Any CPU.Build.0 = Debug|Any CPU
		{67DD5586-A291-4B56-8A15-DB4594D8CD52}.Release|Any CPU.ActiveCfg = Release|Any CPU
		{67DD5586-A291-4B56-8A15-DB4594D8CD52}.Release|Any CPU.Build.0 = Release|Any CPU
		{10FE7D6F-39A6-4BDD-8497-0E07A5111FFD}.Debug|Any CPU.ActiveCfg = Debug|Any CPU
		{10FE7D6F-39A6-4BDD-8497-0E07A5111FFD}.Debug|Any CPU.Build.0 = Debug|Any CPU
		{10FE7D6F-39A6-4BDD-8497-0E07A5111FFD}.Release|Any CPU.ActiveCfg = Release|Any CPU
		{10FE7D6F-39A6-4BDD-8497-0E07A5111FFD}.Release|Any CPU.Build.0 = Release|Any CPU
	EndGlobalSection
	GlobalSection(SolutionProperties) = preSolution
		HideSolutionNode = FALSE
	EndGlobalSection
	GlobalSection(ExtensibilityGlobals) = postSolution
		SolutionGuid = {BCB79A80-3036-4653-B908-C1F716896156}
	EndGlobalSection
EndGlobal
