
Microsoft Visual Studio Solution File, Format Version 12.00
# Visual Studio Version 16
VisualStudioVersion = 16.0.31105.61
MinimumVisualStudioVersion = 10.0.40219.1
Project("{9A19103F-16F7-4668-BE54-9A1E7A4F7556}") = "Sets and Dictionaries Advanced", "Sets and Dictionaries Advanced\Sets and Dictionaries Advanced.csproj", "{7B8F1162-3F86-4A01-AC07-27AAEF5E4980}"
EndProject
Project("{9A19103F-16F7-4668-BE54-9A1E7A4F7556}") = "CountSameValuesInArray", "CountSameValuesInArray\CountSameValuesInArray.csproj", "{7DE72773-F56D-4B54-9F9B-84A8A2258373}"
EndProject
Project("{9A19103F-16F7-4668-BE54-9A1E7A4F7556}") = "AverageStudentGrades", "AverageStudentGrades\AverageStudentGrades.csproj", "{3C339164-F324-4FD6-8A38-3B3E197C6563}"
EndProject
Project("{9A19103F-16F7-4668-BE54-9A1E7A4F7556}") = "ProductShop", "ProductShop\ProductShop.csproj", "{17D95A11-B6D5-4F0A-B33D-2C8088FBDE00}"
EndProject
Project("{9A19103F-16F7-4668-BE54-9A1E7A4F7556}") = "CitiesByContinentAndCountry", "CitiesByContinentAndCountry\CitiesByContinentAndCountry.csproj", "{CACA4A10-BDBD-4801-ACE8-207E1D43EAEC}"
EndProject
Project("{9A19103F-16F7-4668-BE54-9A1E7A4F7556}") = "RecordUniqueNames", "RecordUniqueNames\RecordUniqueNames.csproj", "{F4D191DB-A931-4E99-B28B-BC3243F13ABF}"
EndProject
Project("{9A19103F-16F7-4668-BE54-9A1E7A4F7556}") = "ParkingLot", "ParkingLot\ParkingLot.csproj", "{85D6454C-1AE4-45C3-A7E8-071AC16115DD}"
EndProject
Project("{9A19103F-16F7-4668-BE54-9A1E7A4F7556}") = "SoftUniParty", "SoftUniParty\SoftUniParty.csproj", "{51E82C00-13CC-4178-A574-5C193F810525}"
EndProject
Project("{FAE04EC0-301F-11D3-BF4B-00C04F79EFBC}") = "UniqueUsernames", "UniqueUsernames\UniqueUsernames.csproj", "{1172830B-44CE-4E26-B392-37B535D05B35}"
EndProject
Project("{FAE04EC0-301F-11D3-BF4B-00C04F79EFBC}") = "SetsOfElements", "SetsOfElements\SetsOfElements.csproj", "{A38133A1-8048-4051-A8FA-B73C7745ED51}"
EndProject
Project("{FAE04EC0-301F-11D3-BF4B-00C04F79EFBC}") = "PeriodicTable", "PeriodicTable\PeriodicTable.csproj", "{7E6090F6-38E4-4FDC-8358-50A84BABC914}"
EndProject
Global
	GlobalSection(SolutionConfigurationPlatforms) = preSolution
		Debug|Any CPU = Debug|Any CPU
		Release|Any CPU = Release|Any CPU
	EndGlobalSection
	GlobalSection(ProjectConfigurationPlatforms) = postSolution
		{7B8F1162-3F86-4A01-AC07-27AAEF5E4980}.Debug|Any CPU.ActiveCfg = Debug|Any CPU
		{7B8F1162-3F86-4A01-AC07-27AAEF5E4980}.Debug|Any CPU.Build.0 = Debug|Any CPU
		{7B8F1162-3F86-4A01-AC07-27AAEF5E4980}.Release|Any CPU.ActiveCfg = Release|Any CPU
		{7B8F1162-3F86-4A01-AC07-27AAEF5E4980}.Release|Any CPU.Build.0 = Release|Any CPU
		{7DE72773-F56D-4B54-9F9B-84A8A2258373}.Debug|Any CPU.ActiveCfg = Debug|Any CPU
		{7DE72773-F56D-4B54-9F9B-84A8A2258373}.Debug|Any CPU.Build.0 = Debug|Any CPU
		{7DE72773-F56D-4B54-9F9B-84A8A2258373}.Release|Any CPU.ActiveCfg = Release|Any CPU
		{7DE72773-F56D-4B54-9F9B-84A8A2258373}.Release|Any CPU.Build.0 = Release|Any CPU
		{3C339164-F324-4FD6-8A38-3B3E197C6563}.Debug|Any CPU.ActiveCfg = Debug|Any CPU
		{3C339164-F324-4FD6-8A38-3B3E197C6563}.Debug|Any CPU.Build.0 = Debug|Any CPU
		{3C339164-F324-4FD6-8A38-3B3E197C6563}.Release|Any CPU.ActiveCfg = Release|Any CPU
		{3C339164-F324-4FD6-8A38-3B3E197C6563}.Release|Any CPU.Build.0 = Release|Any CPU
		{17D95A11-B6D5-4F0A-B33D-2C8088FBDE00}.Debug|Any CPU.ActiveCfg = Debug|Any CPU
		{17D95A11-B6D5-4F0A-B33D-2C8088FBDE00}.Debug|Any CPU.Build.0 = Debug|Any CPU
		{17D95A11-B6D5-4F0A-B33D-2C8088FBDE00}.Release|Any CPU.ActiveCfg = Release|Any CPU
		{17D95A11-B6D5-4F0A-B33D-2C8088FBDE00}.Release|Any CPU.Build.0 = Release|Any CPU
		{CACA4A10-BDBD-4801-ACE8-207E1D43EAEC}.Debug|Any CPU.ActiveCfg = Debug|Any CPU
		{CACA4A10-BDBD-4801-ACE8-207E1D43EAEC}.Debug|Any CPU.Build.0 = Debug|Any CPU
		{CACA4A10-BDBD-4801-ACE8-207E1D43EAEC}.Release|Any CPU.ActiveCfg = Release|Any CPU
		{CACA4A10-BDBD-4801-ACE8-207E1D43EAEC}.Release|Any CPU.Build.0 = Release|Any CPU
		{F4D191DB-A931-4E99-B28B-BC3243F13ABF}.Debug|Any CPU.ActiveCfg = Debug|Any CPU
		{F4D191DB-A931-4E99-B28B-BC3243F13ABF}.Debug|Any CPU.Build.0 = Debug|Any CPU
		{F4D191DB-A931-4E99-B28B-BC3243F13ABF}.Release|Any CPU.ActiveCfg = Release|Any CPU
		{F4D191DB-A931-4E99-B28B-BC3243F13ABF}.Release|Any CPU.Build.0 = Release|Any CPU
		{85D6454C-1AE4-45C3-A7E8-071AC16115DD}.Debug|Any CPU.ActiveCfg = Debug|Any CPU
		{85D6454C-1AE4-45C3-A7E8-071AC16115DD}.Debug|Any CPU.Build.0 = Debug|Any CPU
		{85D6454C-1AE4-45C3-A7E8-071AC16115DD}.Release|Any CPU.ActiveCfg = Release|Any CPU
		{85D6454C-1AE4-45C3-A7E8-071AC16115DD}.Release|Any CPU.Build.0 = Release|Any CPU
		{51E82C00-13CC-4178-A574-5C193F810525}.Debug|Any CPU.ActiveCfg = Debug|Any CPU
		{51E82C00-13CC-4178-A574-5C193F810525}.Debug|Any CPU.Build.0 = Debug|Any CPU
		{51E82C00-13CC-4178-A574-5C193F810525}.Release|Any CPU.ActiveCfg = Release|Any CPU
		{51E82C00-13CC-4178-A574-5C193F810525}.Release|Any CPU.Build.0 = Release|Any CPU
		{1172830B-44CE-4E26-B392-37B535D05B35}.Debug|Any CPU.ActiveCfg = Debug|Any CPU
		{1172830B-44CE-4E26-B392-37B535D05B35}.Debug|Any CPU.Build.0 = Debug|Any CPU
		{1172830B-44CE-4E26-B392-37B535D05B35}.Release|Any CPU.ActiveCfg = Release|Any CPU
		{1172830B-44CE-4E26-B392-37B535D05B35}.Release|Any CPU.Build.0 = Release|Any CPU
		{A38133A1-8048-4051-A8FA-B73C7745ED51}.Debug|Any CPU.ActiveCfg = Debug|Any CPU
		{A38133A1-8048-4051-A8FA-B73C7745ED51}.Debug|Any CPU.Build.0 = Debug|Any CPU
		{A38133A1-8048-4051-A8FA-B73C7745ED51}.Release|Any CPU.ActiveCfg = Release|Any CPU
		{A38133A1-8048-4051-A8FA-B73C7745ED51}.Release|Any CPU.Build.0 = Release|Any CPU
		{7E6090F6-38E4-4FDC-8358-50A84BABC914}.Debug|Any CPU.ActiveCfg = Debug|Any CPU
		{7E6090F6-38E4-4FDC-8358-50A84BABC914}.Debug|Any CPU.Build.0 = Debug|Any CPU
		{7E6090F6-38E4-4FDC-8358-50A84BABC914}.Release|Any CPU.ActiveCfg = Release|Any CPU
		{7E6090F6-38E4-4FDC-8358-50A84BABC914}.Release|Any CPU.Build.0 = Release|Any CPU
	EndGlobalSection
	GlobalSection(SolutionProperties) = preSolution
		HideSolutionNode = FALSE
	EndGlobalSection
	GlobalSection(ExtensibilityGlobals) = postSolution
		SolutionGuid = {C14E06AF-DD1B-47AA-AFA7-5A4C9889A321}
	EndGlobalSection
EndGlobal
