
Microsoft Visual Studio Solution File, Format Version 12.00
# Visual Studio Version 16
VisualStudioVersion = 16.0.31105.61
MinimumVisualStudioVersion = 10.0.40219.1
Project("{9A19103F-16F7-4668-BE54-9A1E7A4F7556}") = "StreamFilesDirictories", "StreamFilesDirictories\StreamFilesDirictories.csproj", "{E1D1839A-D28F-47FC-B7E8-23E018374A86}"
EndProject
Project("{9A19103F-16F7-4668-BE54-9A1E7A4F7556}") = "OddLines", "OddLines\OddLines.csproj", "{6CE3B8B2-FF62-4557-AFE0-6FF101CD1D84}"
EndProject
Project("{9A19103F-16F7-4668-BE54-9A1E7A4F7556}") = "WordCount", "WordCount\WordCount.csproj", "{35C27BFB-DA95-47A9-A831-46016A11C3FD}"
EndProject
Project("{9A19103F-16F7-4668-BE54-9A1E7A4F7556}") = "MergeTextFiles", "MergeTextFiles\MergeTextFiles.csproj", "{0E56278D-49F4-442B-BD6E-FB43BAE3D393}"
EndProject
Project("{9A19103F-16F7-4668-BE54-9A1E7A4F7556}") = "ExtractSpecialBytes", "ExtractSpecialBytes\ExtractSpecialBytes.csproj", "{201BC494-04F8-4BB3-82F2-EC8219F3D773}"
EndProject
Project("{9A19103F-16F7-4668-BE54-9A1E7A4F7556}") = "EvenLines", "EvenLines\EvenLines.csproj", "{2C6AA10A-C656-43FD-847B-1315B48BAECB}"
EndProject
Project("{FAE04EC0-301F-11D3-BF4B-00C04F79EFBC}") = "LineNumbers", "LineNumbers\LineNumbers.csproj", "{650B7749-A855-4AA1-92E0-A26AF5554DE8}"
EndProject
Global
	GlobalSection(SolutionConfigurationPlatforms) = preSolution
		Debug|Any CPU = Debug|Any CPU
		Release|Any CPU = Release|Any CPU
	EndGlobalSection
	GlobalSection(ProjectConfigurationPlatforms) = postSolution
		{E1D1839A-D28F-47FC-B7E8-23E018374A86}.Debug|Any CPU.ActiveCfg = Debug|Any CPU
		{E1D1839A-D28F-47FC-B7E8-23E018374A86}.Debug|Any CPU.Build.0 = Debug|Any CPU
		{E1D1839A-D28F-47FC-B7E8-23E018374A86}.Release|Any CPU.ActiveCfg = Release|Any CPU
		{E1D1839A-D28F-47FC-B7E8-23E018374A86}.Release|Any CPU.Build.0 = Release|Any CPU
		{6CE3B8B2-FF62-4557-AFE0-6FF101CD1D84}.Debug|Any CPU.ActiveCfg = Debug|Any CPU
		{6CE3B8B2-FF62-4557-AFE0-6FF101CD1D84}.Debug|Any CPU.Build.0 = Debug|Any CPU
		{6CE3B8B2-FF62-4557-AFE0-6FF101CD1D84}.Release|Any CPU.ActiveCfg = Release|Any CPU
		{6CE3B8B2-FF62-4557-AFE0-6FF101CD1D84}.Release|Any CPU.Build.0 = Release|Any CPU
		{35C27BFB-DA95-47A9-A831-46016A11C3FD}.Debug|Any CPU.ActiveCfg = Debug|Any CPU
		{35C27BFB-DA95-47A9-A831-46016A11C3FD}.Debug|Any CPU.Build.0 = Debug|Any CPU
		{35C27BFB-DA95-47A9-A831-46016A11C3FD}.Release|Any CPU.ActiveCfg = Release|Any CPU
		{35C27BFB-DA95-47A9-A831-46016A11C3FD}.Release|Any CPU.Build.0 = Release|Any CPU
		{0E56278D-49F4-442B-BD6E-FB43BAE3D393}.Debug|Any CPU.ActiveCfg = Debug|Any CPU
		{0E56278D-49F4-442B-BD6E-FB43BAE3D393}.Debug|Any CPU.Build.0 = Debug|Any CPU
		{0E56278D-49F4-442B-BD6E-FB43BAE3D393}.Release|Any CPU.ActiveCfg = Release|Any CPU
		{0E56278D-49F4-442B-BD6E-FB43BAE3D393}.Release|Any CPU.Build.0 = Release|Any CPU
		{201BC494-04F8-4BB3-82F2-EC8219F3D773}.Debug|Any CPU.ActiveCfg = Debug|Any CPU
		{201BC494-04F8-4BB3-82F2-EC8219F3D773}.Debug|Any CPU.Build.0 = Debug|Any CPU
		{201BC494-04F8-4BB3-82F2-EC8219F3D773}.Release|Any CPU.ActiveCfg = Release|Any CPU
		{201BC494-04F8-4BB3-82F2-EC8219F3D773}.Release|Any CPU.Build.0 = Release|Any CPU
		{2C6AA10A-C656-43FD-847B-1315B48BAECB}.Debug|Any CPU.ActiveCfg = Debug|Any CPU
		{2C6AA10A-C656-43FD-847B-1315B48BAECB}.Debug|Any CPU.Build.0 = Debug|Any CPU
		{2C6AA10A-C656-43FD-847B-1315B48BAECB}.Release|Any CPU.ActiveCfg = Release|Any CPU
		{2C6AA10A-C656-43FD-847B-1315B48BAECB}.Release|Any CPU.Build.0 = Release|Any CPU
		{650B7749-A855-4AA1-92E0-A26AF5554DE8}.Debug|Any CPU.ActiveCfg = Debug|Any CPU
		{650B7749-A855-4AA1-92E0-A26AF5554DE8}.Debug|Any CPU.Build.0 = Debug|Any CPU
		{650B7749-A855-4AA1-92E0-A26AF5554DE8}.Release|Any CPU.ActiveCfg = Release|Any CPU
		{650B7749-A855-4AA1-92E0-A26AF5554DE8}.Release|Any CPU.Build.0 = Release|Any CPU
	EndGlobalSection
	GlobalSection(SolutionProperties) = preSolution
		HideSolutionNode = FALSE
	EndGlobalSection
	GlobalSection(ExtensibilityGlobals) = postSolution
		SolutionGuid = {58A56A7E-1C79-4343-9EA6-2F8D0EF72388}
	EndGlobalSection
EndGlobal
