
Microsoft Visual Studio Solution File, Format Version 12.00
# Visual Studio Version 16
VisualStudioVersion = 16.0.31515.178
MinimumVisualStudioVersion = 10.0.40219.1
Project("{FAE04EC0-301F-11D3-BF4B-00C04F79EFBC}") = "Inheritance", "Inheritance\Inheritance.csproj", "{9747A819-1799-4004-B02F-6ACEC638C54A}"
EndProject
Project("{FAE04EC0-301F-11D3-BF4B-00C04F79EFBC}") = "Farm", "Farm\Farm.csproj", "{009ED5F3-6201-450D-B143-466F1456E1E0}"
EndProject
Global
	GlobalSection(SolutionConfigurationPlatforms) = preSolution
		Debug|Any CPU = Debug|Any CPU
		Release|Any CPU = Release|Any CPU
	EndGlobalSection
	GlobalSection(ProjectConfigurationPlatforms) = postSolution
		{9747A819-1799-4004-B02F-6ACEC638C54A}.Debug|Any CPU.ActiveCfg = Debug|Any CPU
		{9747A819-1799-4004-B02F-6ACEC638C54A}.Debug|Any CPU.Build.0 = Debug|Any CPU
		{9747A819-1799-4004-B02F-6ACEC638C54A}.Release|Any CPU.ActiveCfg = Release|Any CPU
		{9747A819-1799-4004-B02F-6ACEC638C54A}.Release|Any CPU.Build.0 = Release|Any CPU
		{009ED5F3-6201-450D-B143-466F1456E1E0}.Debug|Any CPU.ActiveCfg = Debug|Any CPU
		{009ED5F3-6201-450D-B143-466F1456E1E0}.Debug|Any CPU.Build.0 = Debug|Any CPU
		{009ED5F3-6201-450D-B143-466F1456E1E0}.Release|Any CPU.ActiveCfg = Release|Any CPU
		{009ED5F3-6201-450D-B143-466F1456E1E0}.Release|Any CPU.Build.0 = Release|Any CPU
	EndGlobalSection
	GlobalSection(SolutionProperties) = preSolution
		HideSolutionNode = FALSE
	EndGlobalSection
	GlobalSection(ExtensibilityGlobals) = postSolution
		SolutionGuid = {969A20C1-018C-4656-8613-0B5A321F5CE4}
	EndGlobalSection
EndGlobal
