
Microsoft Visual Studio Solution File, Format Version 12.00
# Visual Studio Version 16
VisualStudioVersion = 16.0.30907.101
MinimumVisualStudioVersion = 10.0.40219.1
Project("{9A19103F-16F7-4668-BE54-9A1E7A4F7556}") = "Clock", "NestedLoops\Clock.csproj", "{43A0349E-A0F5-47B1-9B0E-2A5163E39CA4}"
EndProject
Project("{9A19103F-16F7-4668-BE54-9A1E7A4F7556}") = "Combinations", "MultiplicationTable\Combinations.csproj", "{305AE815-CFE7-4DC8-9E2A-0BF095F957A8}"
EndProject
Project("{9A19103F-16F7-4668-BE54-9A1E7A4F7556}") = "Multiplication", "Multiplication\Multiplication.csproj", "{8F097670-C908-4FCE-A811-0D48F80A3BC8}"
EndProject
Project("{9A19103F-16F7-4668-BE54-9A1E7A4F7556}") = "SumOfTwoNumbers", "SumOfTwoNumbers\SumOfTwoNumbers.csproj", "{0EEFD974-E608-483F-B5F6-AC2026BCB577}"
EndProject
Project("{9A19103F-16F7-4668-BE54-9A1E7A4F7556}") = "Traveling", "Traveling\Traveling.csproj", "{6CC3E167-B016-4857-A583-76BBC349E9E2}"
EndProject
Project("{9A19103F-16F7-4668-BE54-9A1E7A4F7556}") = "Building", "Building\Building.csproj", "{1CFCC3DA-8F9D-4C91-A3FE-BB294CCE1604}"
EndProject
Project("{FAE04EC0-301F-11D3-BF4B-00C04F79EFBC}") = "CinemaTickets", "CinemaTickets\CinemaTickets.csproj", "{4905E7BE-F021-496B-AEA0-9D8CE7CC320F}"
EndProject
Global
	GlobalSection(SolutionConfigurationPlatforms) = preSolution
		Debug|Any CPU = Debug|Any CPU
		Release|Any CPU = Release|Any CPU
	EndGlobalSection
	GlobalSection(ProjectConfigurationPlatforms) = postSolution
		{43A0349E-A0F5-47B1-9B0E-2A5163E39CA4}.Debug|Any CPU.ActiveCfg = Debug|Any CPU
		{43A0349E-A0F5-47B1-9B0E-2A5163E39CA4}.Debug|Any CPU.Build.0 = Debug|Any CPU
		{43A0349E-A0F5-47B1-9B0E-2A5163E39CA4}.Release|Any CPU.ActiveCfg = Release|Any CPU
		{43A0349E-A0F5-47B1-9B0E-2A5163E39CA4}.Release|Any CPU.Build.0 = Release|Any CPU
		{305AE815-CFE7-4DC8-9E2A-0BF095F957A8}.Debug|Any CPU.ActiveCfg = Debug|Any CPU
		{305AE815-CFE7-4DC8-9E2A-0BF095F957A8}.Debug|Any CPU.Build.0 = Debug|Any CPU
		{305AE815-CFE7-4DC8-9E2A-0BF095F957A8}.Release|Any CPU.ActiveCfg = Release|Any CPU
		{305AE815-CFE7-4DC8-9E2A-0BF095F957A8}.Release|Any CPU.Build.0 = Release|Any CPU
		{8F097670-C908-4FCE-A811-0D48F80A3BC8}.Debug|Any CPU.ActiveCfg = Debug|Any CPU
		{8F097670-C908-4FCE-A811-0D48F80A3BC8}.Debug|Any CPU.Build.0 = Debug|Any CPU
		{8F097670-C908-4FCE-A811-0D48F80A3BC8}.Release|Any CPU.ActiveCfg = Release|Any CPU
		{8F097670-C908-4FCE-A811-0D48F80A3BC8}.Release|Any CPU.Build.0 = Release|Any CPU
		{0EEFD974-E608-483F-B5F6-AC2026BCB577}.Debug|Any CPU.ActiveCfg = Debug|Any CPU
		{0EEFD974-E608-483F-B5F6-AC2026BCB577}.Debug|Any CPU.Build.0 = Debug|Any CPU
		{0EEFD974-E608-483F-B5F6-AC2026BCB577}.Release|Any CPU.ActiveCfg = Release|Any CPU
		{0EEFD974-E608-483F-B5F6-AC2026BCB577}.Release|Any CPU.Build.0 = Release|Any CPU
		{6CC3E167-B016-4857-A583-76BBC349E9E2}.Debug|Any CPU.ActiveCfg = Debug|Any CPU
		{6CC3E167-B016-4857-A583-76BBC349E9E2}.Debug|Any CPU.Build.0 = Debug|Any CPU
		{6CC3E167-B016-4857-A583-76BBC349E9E2}.Release|Any CPU.ActiveCfg = Release|Any CPU
		{6CC3E167-B016-4857-A583-76BBC349E9E2}.Release|Any CPU.Build.0 = Release|Any CPU
		{1CFCC3DA-8F9D-4C91-A3FE-BB294CCE1604}.Debug|Any CPU.ActiveCfg = Debug|Any CPU
		{1CFCC3DA-8F9D-4C91-A3FE-BB294CCE1604}.Debug|Any CPU.Build.0 = Debug|Any CPU
		{1CFCC3DA-8F9D-4C91-A3FE-BB294CCE1604}.Release|Any CPU.ActiveCfg = Release|Any CPU
		{1CFCC3DA-8F9D-4C91-A3FE-BB294CCE1604}.Release|Any CPU.Build.0 = Release|Any CPU
		{4905E7BE-F021-496B-AEA0-9D8CE7CC320F}.Debug|Any CPU.ActiveCfg = Debug|Any CPU
		{4905E7BE-F021-496B-AEA0-9D8CE7CC320F}.Debug|Any CPU.Build.0 = Debug|Any CPU
		{4905E7BE-F021-496B-AEA0-9D8CE7CC320F}.Release|Any CPU.ActiveCfg = Release|Any CPU
		{4905E7BE-F021-496B-AEA0-9D8CE7CC320F}.Release|Any CPU.Build.0 = Release|Any CPU
	EndGlobalSection
	GlobalSection(SolutionProperties) = preSolution
		HideSolutionNode = FALSE
	EndGlobalSection
	GlobalSection(ExtensibilityGlobals) = postSolution
		SolutionGuid = {2A4450F6-226F-4707-92ED-CE4E95CD8866}
	EndGlobalSection
EndGlobal
